// !$*UTF8*$!
{
	archiveVersion = 1;
	classes = {
	};
	objectVersion = 56;
	objects = {

/* Begin PBXBuildFile section */
		789ED1E2AECDEE3826A1A83A /* Pods_RxSwiftTest.framework in Frameworks */ = {isa = PBXBuildFile; fileRef = 849A00EBD9968BC0871EABCF /* Pods_RxSwiftTest.framework */; };
		7D751981FB36892E690E1E42 /* Pods_RxSwiftTestTests.framework in Frameworks */ = {isa = PBXBuildFile; fileRef = 6EE165BA435887DE313DEFF5 /* Pods_RxSwiftTestTests.framework */; };
		C5DBDBE5299A1A9E00ACC8B3 /* AppDelegate.swift in Sources */ = {isa = PBXBuildFile; fileRef = C5DBDBE4299A1A9E00ACC8B3 /* AppDelegate.swift */; };
		C5DBDBE7299A1A9E00ACC8B3 /* SceneDelegate.swift in Sources */ = {isa = PBXBuildFile; fileRef = C5DBDBE6299A1A9E00ACC8B3 /* SceneDelegate.swift */; };
		C5DBDBE9299A1A9E00ACC8B3 /* ViewController.swift in Sources */ = {isa = PBXBuildFile; fileRef = C5DBDBE8299A1A9E00ACC8B3 /* ViewController.swift */; };
		C5DBDBEC299A1A9E00ACC8B3 /* Main.storyboard in Resources */ = {isa = PBXBuildFile; fileRef = C5DBDBEA299A1A9E00ACC8B3 /* Main.storyboard */; };
		C5DBDBEE299A1A9F00ACC8B3 /* Assets.xcassets in Resources */ = {isa = PBXBuildFile; fileRef = C5DBDBED299A1A9F00ACC8B3 /* Assets.xcassets */; };
		C5DBDBF1299A1A9F00ACC8B3 /* LaunchScreen.storyboard in Resources */ = {isa = PBXBuildFile; fileRef = C5DBDBEF299A1A9F00ACC8B3 /* LaunchScreen.storyboard */; };
		C5DBDBFC299A1A9F00ACC8B3 /* RxSwiftTestTests.swift in Sources */ = {isa = PBXBuildFile; fileRef = C5DBDBFB299A1A9F00ACC8B3 /* RxSwiftTestTests.swift */; };
		C5DBDC06299A1A9F00ACC8B3 /* RxSwiftTestUITests.swift in Sources */ = {isa = PBXBuildFile; fileRef = C5DBDC05299A1A9F00ACC8B3 /* RxSwiftTestUITests.swift */; };
		C5DBDC08299A1A9F00ACC8B3 /* RxSwiftTestUITestsLaunchTests.swift in Sources */ = {isa = PBXBuildFile; fileRef = C5DBDC07299A1A9F00ACC8B3 /* RxSwiftTestUITestsLaunchTests.swift */; };
		F2738A250D516D2B17C2E997 /* Pods_RxSwiftTest_RxSwiftTestUITests.framework in Frameworks */ = {isa = PBXBuildFile; fileRef = 0D52F5E197BE06D66F036A34 /* Pods_RxSwiftTest_RxSwiftTestUITests.framework */; };
/* End PBXBuildFile section */

/* Begin PBXContainerItemProxy section */
		C5DBDBF8299A1A9F00ACC8B3 /* PBXContainerItemProxy */ = {
			isa = PBXContainerItemProxy;
			containerPortal = C5DBDBD9299A1A9E00ACC8B3 /* Project object */;
			proxyType = 1;
			remoteGlobalIDString = C5DBDBE0299A1A9E00ACC8B3;
			remoteInfo = RxSwiftTest;
		};
		C5DBDC02299A1A9F00ACC8B3 /* PBXContainerItemProxy */ = {
			isa = PBXContainerItemProxy;
			containerPortal = C5DBDBD9299A1A9E00ACC8B3 /* Project object */;
			proxyType = 1;
			remoteGlobalIDString = C5DBDBE0299A1A9E00ACC8B3;
			remoteInfo = RxSwiftTest;
		};
/* End PBXContainerItemProxy section */

/* Begin PBXFileReference section */
		0D52F5E197BE06D66F036A34 /* Pods_RxSwiftTest_RxSwiftTestUITests.framework */ = {isa = PBXFileReference; explicitFileType = wrapper.framework; includeInIndex = 0; path = Pods_RxSwiftTest_RxSwiftTestUITests.framework; sourceTree = BUILT_PRODUCTS_DIR; };
		5B3637DE2C5323343BF95466 /* Pods-RxSwiftTest-RxSwiftTestUITests.release.xcconfig */ = {isa = PBXFileReference; includeInIndex = 1; lastKnownFileType = text.xcconfig; name = "Pods-RxSwiftTest-RxSwiftTestUITests.release.xcconfig"; path = "Target Support Files/Pods-RxSwiftTest-RxSwiftTestUITests/Pods-RxSwiftTest-RxSwiftTestUITests.release.xcconfig"; sourceTree = "<group>"; };
		6BBA3DF2FCCB5944D82452DD /* Pods-RxSwiftTest-RxSwiftTestUITests.debug.xcconfig */ = {isa = PBXFileReference; includeInIndex = 1; lastKnownFileType = text.xcconfig; name = "Pods-RxSwiftTest-RxSwiftTestUITests.debug.xcconfig"; path = "Target Support Files/Pods-RxSwiftTest-RxSwiftTestUITests/Pods-RxSwiftTest-RxSwiftTestUITests.debug.xcconfig"; sourceTree = "<group>"; };
		6EE165BA435887DE313DEFF5 /* Pods_RxSwiftTestTests.framework */ = {isa = PBXFileReference; explicitFileType = wrapper.framework; includeInIndex = 0; path = Pods_RxSwiftTestTests.framework; sourceTree = BUILT_PRODUCTS_DIR; };
		7AFA7A6A687C8CC4C3EA6480 /* Pods-RxSwiftTest.release.xcconfig */ = {isa = PBXFileReference; includeInIndex = 1; lastKnownFileType = text.xcconfig; name = "Pods-RxSwiftTest.release.xcconfig"; path = "Target Support Files/Pods-RxSwiftTest/Pods-RxSwiftTest.release.xcconfig"; sourceTree = "<group>"; };
		849A00EBD9968BC0871EABCF /* Pods_RxSwiftTest.framework */ = {isa = PBXFileReference; explicitFileType = wrapper.framework; includeInIndex = 0; path = Pods_RxSwiftTest.framework; sourceTree = BUILT_PRODUCTS_DIR; };
		951672B00656AB2C222A8F25 /* Pods-RxSwiftTest.debug.xcconfig */ = {isa = PBXFileReference; includeInIndex = 1; lastKnownFileType = text.xcconfig; name = "Pods-RxSwiftTest.debug.xcconfig"; path = "Target Support Files/Pods-RxSwiftTest/Pods-RxSwiftTest.debug.xcconfig"; sourceTree = "<group>"; };
		AD1D67377E5F9375C6F2919E /* Pods-RxSwiftTestTests.debug.xcconfig */ = {isa = PBXFileReference; includeInIndex = 1; lastKnownFileType = text.xcconfig; name = "Pods-RxSwiftTestTests.debug.xcconfig"; path = "Target Support Files/Pods-RxSwiftTestTests/Pods-RxSwiftTestTests.debug.xcconfig"; sourceTree = "<group>"; };
		BB496F88CFAC3018CFCA1E51 /* Pods-RxSwiftTestTests.release.xcconfig */ = {isa = PBXFileReference; includeInIndex = 1; lastKnownFileType = text.xcconfig; name = "Pods-RxSwiftTestTests.release.xcconfig"; path = "Target Support Files/Pods-RxSwiftTestTests/Pods-RxSwiftTestTests.release.xcconfig"; sourceTree = "<group>"; };
		C5DBDBE1299A1A9E00ACC8B3 /* RxSwiftTest.app */ = {isa = PBXFileReference; explicitFileType = wrapper.application; includeInIndex = 0; path = RxSwiftTest.app; sourceTree = BUILT_PRODUCTS_DIR; };
		C5DBDBE4299A1A9E00ACC8B3 /* AppDelegate.swift */ = {isa = PBXFileReference; lastKnownFileType = sourcecode.swift; path = AppDelegate.swift; sourceTree = "<group>"; };
		C5DBDBE6299A1A9E00ACC8B3 /* SceneDelegate.swift */ = {isa = PBXFileReference; lastKnownFileType = sourcecode.swift; path = SceneDelegate.swift; sourceTree = "<group>"; };
		C5DBDBE8299A1A9E00ACC8B3 /* ViewController.swift */ = {isa = PBXFileReference; lastKnownFileType = sourcecode.swift; path = ViewController.swift; sourceTree = "<group>"; };
		C5DBDBEB299A1A9E00ACC8B3 /* Base */ = {isa = PBXFileReference; lastKnownFileType = file.storyboard; name = Base; path = Base.lproj/Main.storyboard; sourceTree = "<group>"; };
		C5DBDBED299A1A9F00ACC8B3 /* Assets.xcassets */ = {isa = PBXFileReference; lastKnownFileType = folder.assetcatalog; path = Assets.xcassets; sourceTree = "<group>"; };
		C5DBDBF0299A1A9F00ACC8B3 /* Base */ = {isa = PBXFileReference; lastKnownFileType = file.storyboard; name = Base; path = Base.lproj/LaunchScreen.storyboard; sourceTree = "<group>"; };
		C5DBDBF2299A1A9F00ACC8B3 /* Info.plist */ = {isa = PBXFileReference; lastKnownFileType = text.plist.xml; path = Info.plist; sourceTree = "<group>"; };
		C5DBDBF7299A1A9F00ACC8B3 /* RxSwiftTestTests.xctest */ = {isa = PBXFileReference; explicitFileType = wrapper.cfbundle; includeInIndex = 0; path = RxSwiftTestTests.xctest; sourceTree = BUILT_PRODUCTS_DIR; };
		C5DBDBFB299A1A9F00ACC8B3 /* RxSwiftTestTests.swift */ = {isa = PBXFileReference; lastKnownFileType = sourcecode.swift; path = RxSwiftTestTests.swift; sourceTree = "<group>"; };
		C5DBDC01299A1A9F00ACC8B3 /* RxSwiftTestUITests.xctest */ = {isa = PBXFileReference; explicitFileType = wrapper.cfbundle; includeInIndex = 0; path = RxSwiftTestUITests.xctest; sourceTree = BUILT_PRODUCTS_DIR; };
		C5DBDC05299A1A9F00ACC8B3 /* RxSwiftTestUITests.swift */ = {isa = PBXFileReference; lastKnownFileType = sourcecode.swift; path = RxSwiftTestUITests.swift; sourceTree = "<group>"; };
		C5DBDC07299A1A9F00ACC8B3 /* RxSwiftTestUITestsLaunchTests.swift */ = {isa = PBXFileReference; lastKnownFileType = sourcecode.swift; path = RxSwiftTestUITestsLaunchTests.swift; sourceTree = "<group>"; };
		C5DBDC14299A1BC300ACC8B3 /* MyPlayground.playground */ = {isa = PBXFileReference; lastKnownFileType = file.playground; path = MyPlayground.playground; sourceTree = "<group>"; xcLanguageSpecificationIdentifier = xcode.lang.swift; };
/* End PBXFileReference section */

/* Begin PBXFrameworksBuildPhase section */
		C5DBDBDE299A1A9E00ACC8B3 /* Frameworks */ = {
			isa = PBXFrameworksBuildPhase;
			buildActionMask = 2147483647;
			files = (
				789ED1E2AECDEE3826A1A83A /* Pods_RxSwiftTest.framework in Frameworks */,
			);
			runOnlyForDeploymentPostprocessing = 0;
		};
		C5DBDBF4299A1A9F00ACC8B3 /* Frameworks */ = {
			isa = PBXFrameworksBuildPhase;
			buildActionMask = 2147483647;
			files = (
				7D751981FB36892E690E1E42 /* Pods_RxSwiftTestTests.framework in Frameworks */,
			);
			runOnlyForDeploymentPostprocessing = 0;
		};
		C5DBDBFE299A1A9F00ACC8B3 /* Frameworks */ = {
			isa = PBXFrameworksBuildPhase;
			buildActionMask = 2147483647;
			files = (
				F2738A250D516D2B17C2E997 /* Pods_RxSwiftTest_RxSwiftTestUITests.framework in Frameworks */,
			);
			runOnlyForDeploymentPostprocessing = 0;
		};
/* End PBXFrameworksBuildPhase section */

/* Begin PBXGroup section */
		7A49A7D0588D2B1868C30407 /* Pods */ = {
			isa = PBXGroup;
			children = (
				951672B00656AB2C222A8F25 /* Pods-RxSwiftTest.debug.xcconfig */,
				7AFA7A6A687C8CC4C3EA6480 /* Pods-RxSwiftTest.release.xcconfig */,
				6BBA3DF2FCCB5944D82452DD /* Pods-RxSwiftTest-RxSwiftTestUITests.debug.xcconfig */,
				5B3637DE2C5323343BF95466 /* Pods-RxSwiftTest-RxSwiftTestUITests.release.xcconfig */,
				AD1D67377E5F9375C6F2919E /* Pods-RxSwiftTestTests.debug.xcconfig */,
				BB496F88CFAC3018CFCA1E51 /* Pods-RxSwiftTestTests.release.xcconfig */,
			);
			path = Pods;
			sourceTree = "<group>";
		};
		BED79C19519775757853574B /* Frameworks */ = {
			isa = PBXGroup;
			children = (
				849A00EBD9968BC0871EABCF /* Pods_RxSwiftTest.framework */,
				0D52F5E197BE06D66F036A34 /* Pods_RxSwiftTest_RxSwiftTestUITests.framework */,
				6EE165BA435887DE313DEFF5 /* Pods_RxSwiftTestTests.framework */,
			);
			name = Frameworks;
			sourceTree = "<group>";
		};
		C5DBDBD8299A1A9E00ACC8B3 = {
			isa = PBXGroup;
			children = (
				C5DBDC14299A1BC300ACC8B3 /* MyPlayground.playground */,
				C5DBDBE3299A1A9E00ACC8B3 /* RxSwiftTest */,
				C5DBDBFA299A1A9F00ACC8B3 /* RxSwiftTestTests */,
				C5DBDC04299A1A9F00ACC8B3 /* RxSwiftTestUITests */,
				C5DBDBE2299A1A9E00ACC8B3 /* Products */,
				7A49A7D0588D2B1868C30407 /* Pods */,
				BED79C19519775757853574B /* Frameworks */,
			);
			sourceTree = "<group>";
		};
		C5DBDBE2299A1A9E00ACC8B3 /* Products */ = {
			isa = PBXGroup;
			children = (
				C5DBDBE1299A1A9E00ACC8B3 /* RxSwiftTest.app */,
				C5DBDBF7299A1A9F00ACC8B3 /* RxSwiftTestTests.xctest */,
				C5DBDC01299A1A9F00ACC8B3 /* RxSwiftTestUITests.xctest */,
			);
			name = Products;
			sourceTree = "<group>";
		};
		C5DBDBE3299A1A9E00ACC8B3 /* RxSwiftTest */ = {
			isa = PBXGroup;
			children = (
				C5DBDBE4299A1A9E00ACC8B3 /* AppDelegate.swift */,
				C5DBDBE6299A1A9E00ACC8B3 /* SceneDelegate.swift */,
				C5DBDBE8299A1A9E00ACC8B3 /* ViewController.swift */,
				C5DBDBEA299A1A9E00ACC8B3 /* Main.storyboard */,
				C5DBDBED299A1A9F00ACC8B3 /* Assets.xcassets */,
				C5DBDBEF299A1A9F00ACC8B3 /* LaunchScreen.storyboard */,
				C5DBDBF2299A1A9F00ACC8B3 /* Info.plist */,
			);
			path = RxSwiftTest;
			sourceTree = "<group>";
		};
		C5DBDBFA299A1A9F00ACC8B3 /* RxSwiftTestTests */ = {
			isa = PBXGroup;
			children = (
				C5DBDBFB299A1A9F00ACC8B3 /* RxSwiftTestTests.swift */,
			);
			path = RxSwiftTestTests;
			sourceTree = "<group>";
		};
		C5DBDC04299A1A9F00ACC8B3 /* RxSwiftTestUITests */ = {
			isa = PBXGroup;
			children = (
				C5DBDC05299A1A9F00ACC8B3 /* RxSwiftTestUITests.swift */,
				C5DBDC07299A1A9F00ACC8B3 /* RxSwiftTestUITestsLaunchTests.swift */,
			);
			path = RxSwiftTestUITests;
			sourceTree = "<group>";
		};
/* End PBXGroup section */

/* Begin PBXNativeTarget section */
		C5DBDBE0299A1A9E00ACC8B3 /* RxSwiftTest */ = {
			isa = PBXNativeTarget;
			buildConfigurationList = C5DBDC0B299A1A9F00ACC8B3 /* Build configuration list for PBXNativeTarget "RxSwiftTest" */;
			buildPhases = (
				21A5CEA870E9D0C0107B5358 /* [CP] Check Pods Manifest.lock */,
				C5DBDBDD299A1A9E00ACC8B3 /* Sources */,
				C5DBDBDE299A1A9E00ACC8B3 /* Frameworks */,
				C5DBDBDF299A1A9E00ACC8B3 /* Resources */,
				B305F395DE38181887CB09FA /* [CP] Embed Pods Frameworks */,
			);
			buildRules = (
			);
			dependencies = (
			);
			name = RxSwiftTest;
			productName = RxSwiftTest;
			productReference = C5DBDBE1299A1A9E00ACC8B3 /* RxSwiftTest.app */;
			productType = "com.apple.product-type.application";
		};
		C5DBDBF6299A1A9F00ACC8B3 /* RxSwiftTestTests */ = {
			isa = PBXNativeTarget;
			buildConfigurationList = C5DBDC0E299A1A9F00ACC8B3 /* Build configuration list for PBXNativeTarget "RxSwiftTestTests" */;
			buildPhases = (
				98C371A96AB366D3B6DE9194 /* [CP] Check Pods Manifest.lock */,
				C5DBDBF3299A1A9F00ACC8B3 /* Sources */,
				C5DBDBF4299A1A9F00ACC8B3 /* Frameworks */,
				C5DBDBF5299A1A9F00ACC8B3 /* Resources */,
			);
			buildRules = (
			);
			dependencies = (
				C5DBDBF9299A1A9F00ACC8B3 /* PBXTargetDependency */,
			);
			name = RxSwiftTestTests;
			productName = RxSwiftTestTests;
			productReference = C5DBDBF7299A1A9F00ACC8B3 /* RxSwiftTestTests.xctest */;
			productType = "com.apple.product-type.bundle.unit-test";
		};
		C5DBDC00299A1A9F00ACC8B3 /* RxSwiftTestUITests */ = {
			isa = PBXNativeTarget;
			buildConfigurationList = C5DBDC11299A1A9F00ACC8B3 /* Build configuration list for PBXNativeTarget "RxSwiftTestUITests" */;
			buildPhases = (
				898109220DF05D679078FA81 /* [CP] Check Pods Manifest.lock */,
				C5DBDBFD299A1A9F00ACC8B3 /* Sources */,
				C5DBDBFE299A1A9F00ACC8B3 /* Frameworks */,
				C5DBDBFF299A1A9F00ACC8B3 /* Resources */,
				40C29FE2CC1AB7352DE662C7 /* [CP] Embed Pods Frameworks */,
			);
			buildRules = (
			);
			dependencies = (
				C5DBDC03299A1A9F00ACC8B3 /* PBXTargetDependency */,
			);
			name = RxSwiftTestUITests;
			productName = RxSwiftTestUITests;
			productReference = C5DBDC01299A1A9F00ACC8B3 /* RxSwiftTestUITests.xctest */;
			productType = "com.apple.product-type.bundle.ui-testing";
		};
/* End PBXNativeTarget section */

/* Begin PBXProject section */
		C5DBDBD9299A1A9E00ACC8B3 /* Project object */ = {
			isa = PBXProject;
			attributes = {
				BuildIndependentTargetsInParallel = 1;
				LastSwiftUpdateCheck = 1420;
				LastUpgradeCheck = 1420;
				TargetAttributes = {
					C5DBDBE0299A1A9E00ACC8B3 = {
						CreatedOnToolsVersion = 14.2;
					};
					C5DBDBF6299A1A9F00ACC8B3 = {
						CreatedOnToolsVersion = 14.2;
						TestTargetID = C5DBDBE0299A1A9E00ACC8B3;
					};
					C5DBDC00299A1A9F00ACC8B3 = {
						CreatedOnToolsVersion = 14.2;
						TestTargetID = C5DBDBE0299A1A9E00ACC8B3;
					};
				};
			};
			buildConfigurationList = C5DBDBDC299A1A9E00ACC8B3 /* Build configuration list for PBXProject "RxSwiftTest" */;
			compatibilityVersion = "Xcode 14.0";
			developmentRegion = en;
			hasScannedForEncodings = 0;
			knownRegions = (
				en,
				Base,
			);
			mainGroup = C5DBDBD8299A1A9E00ACC8B3;
			productRefGroup = C5DBDBE2299A1A9E00ACC8B3 /* Products */;
			projectDirPath = "";
			projectRoot = "";
			targets = (
				C5DBDBE0299A1A9E00ACC8B3 /* RxSwiftTest */,
				C5DBDBF6299A1A9F00ACC8B3 /* RxSwiftTestTests */,
				C5DBDC00299A1A9F00ACC8B3 /* RxSwiftTestUITests */,
			);
		};
/* End PBXProject section */

/* Begin PBXResourcesBuildPhase section */
		C5DBDBDF299A1A9E00ACC8B3 /* Resources */ = {
			isa = PBXResourcesBuildPhase;
			buildActionMask = 2147483647;
			files = (
				C5DBDBF1299A1A9F00ACC8B3 /* LaunchScreen.storyboard in Resources */,
				C5DBDBEE299A1A9F00ACC8B3 /* Assets.xcassets in Resources */,
				C5DBDBEC299A1A9E00ACC8B3 /* Main.storyboard in Resources */,
			);
			runOnlyForDeploymentPostprocessing = 0;
		};
		C5DBDBF5299A1A9F00ACC8B3 /* Resources */ = {
			isa = PBXResourcesBuildPhase;
			buildActionMask = 2147483647;
			files = (
			);
			runOnlyForDeploymentPostprocessing = 0;
		};
		C5DBDBFF299A1A9F00ACC8B3 /* Resources */ = {
			isa = PBXResourcesBuildPhase;
			buildActionMask = 2147483647;
			files = (
			);
			runOnlyForDeploymentPostprocessing = 0;
		};
/* End PBXResourcesBuildPhase section */

/* Begin PBXShellScriptBuildPhase section */
		21A5CEA870E9D0C0107B5358 /* [CP] Check Pods Manifest.lock */ = {
			isa = PBXShellScriptBuildPhase;
			buildActionMask = 2147483647;
			files = (
			);
			inputFileListPaths = (
			);
			inputPaths = (
				"${PODS_PODFILE_DIR_PATH}/Podfile.lock",
				"${PODS_ROOT}/Manifest.lock",
			);
			name = "[CP] Check Pods Manifest.lock";
			outputFileListPaths = (
			);
			outputPaths = (
				"$(DERIVED_FILE_DIR)/Pods-RxSwiftTest-checkManifestLockResult.txt",
			);
			runOnlyForDeploymentPostprocessing = 0;
			shellPath = /bin/sh;
			shellScript = "diff \"${PODS_PODFILE_DIR_PATH}/Podfile.lock\" \"${PODS_ROOT}/Manifest.lock\" > /dev/null\nif [ $? != 0 ] ; then\n    # print error to STDERR\n    echo \"error: The sandbox is not in sync with the Podfile.lock. Run 'pod install' or update your CocoaPods installation.\" >&2\n    exit 1\nfi\n# This output is used by Xcode 'outputs' to avoid re-running this script phase.\necho \"SUCCESS\" > \"${SCRIPT_OUTPUT_FILE_0}\"\n";
			showEnvVarsInLog = 0;
		};
		40C29FE2CC1AB7352DE662C7 /* [CP] Embed Pods Frameworks */ = {
			isa = PBXShellScriptBuildPhase;
			buildActionMask = 2147483647;
			files = (
			);
			inputFileListPaths = (
				"${PODS_ROOT}/Target Support Files/Pods-RxSwiftTest-RxSwiftTestUITests/Pods-RxSwiftTest-RxSwiftTestUITests-frameworks-${CONFIGURATION}-input-files.xcfilelist",
			);
			name = "[CP] Embed Pods Frameworks";
			outputFileListPaths = (
				"${PODS_ROOT}/Target Support Files/Pods-RxSwiftTest-RxSwiftTestUITests/Pods-RxSwiftTest-RxSwiftTestUITests-frameworks-${CONFIGURATION}-output-files.xcfilelist",
			);
			runOnlyForDeploymentPostprocessing = 0;
			shellPath = /bin/sh;
			shellScript = "\"${PODS_ROOT}/Target Support Files/Pods-RxSwiftTest-RxSwiftTestUITests/Pods-RxSwiftTest-RxSwiftTestUITests-frameworks.sh\"\n";
			showEnvVarsInLog = 0;
		};
		898109220DF05D679078FA81 /* [CP] Check Pods Manifest.lock */ = {
			isa = PBXShellScriptBuildPhase;
			buildActionMask = 2147483647;
			files = (
			);
			inputFileListPaths = (
			);
			inputPaths = (
				"${PODS_PODFILE_DIR_PATH}/Podfile.lock",
				"${PODS_ROOT}/Manifest.lock",
			);
			name = "[CP] Check Pods Manifest.lock";
			outputFileListPaths = (
			);
			outputPaths = (
				"$(DERIVED_FILE_DIR)/Pods-RxSwiftTest-RxSwiftTestUITests-checkManifestLockResult.txt",
			);
			runOnlyForDeploymentPostprocessing = 0;
			shellPath = /bin/sh;
			shellScript = "diff \"${PODS_PODFILE_DIR_PATH}/Podfile.lock\" \"${PODS_ROOT}/Manifest.lock\" > /dev/null\nif [ $? != 0 ] ; then\n    # print error to STDERR\n    echo \"error: The sandbox is not in sync with the Podfile.lock. Run 'pod install' or update your CocoaPods installation.\" >&2\n    exit 1\nfi\n# This output is used by Xcode 'outputs' to avoid re-running this script phase.\necho \"SUCCESS\" > \"${SCRIPT_OUTPUT_FILE_0}\"\n";
			showEnvVarsInLog = 0;
		};
		98C371A96AB366D3B6DE9194 /* [CP] Check Pods Manifest.lock */ = {
			isa = PBXShellScriptBuildPhase;
			buildActionMask = 2147483647;
			files = (
			);
			inputFileListPaths = (
			);
			inputPaths = (
				"${PODS_PODFILE_DIR_PATH}/Podfile.lock",
				"${PODS_ROOT}/Manifest.lock",
			);
			name = "[CP] Check Pods Manifest.lock";
			outputFileListPaths = (
			);
			outputPaths = (
				"$(DERIVED_FILE_DIR)/Pods-RxSwiftTestTests-checkManifestLockResult.txt",
			);
			runOnlyForDeploymentPostprocessing = 0;
			shellPath = /bin/sh;
			shellScript = "diff \"${PODS_PODFILE_DIR_PATH}/Podfile.lock\" \"${PODS_ROOT}/Manifest.lock\" > /dev/null\nif [ $? != 0 ] ; then\n    # print error to STDERR\n    echo \"error: The sandbox is not in sync with the Podfile.lock. Run 'pod install' or update your CocoaPods installation.\" >&2\n    exit 1\nfi\n# This output is used by Xcode 'outputs' to avoid re-running this script phase.\necho \"SUCCESS\" > \"${SCRIPT_OUTPUT_FILE_0}\"\n";
			showEnvVarsInLog = 0;
		};
		B305F395DE38181887CB09FA /* [CP] Embed Pods Frameworks */ = {
			isa = PBXShellScriptBuildPhase;
			buildActionMask = 2147483647;
			files = (
			);
			inputFileListPaths = (
				"${PODS_ROOT}/Target Support Files/Pods-RxSwiftTest/Pods-RxSwiftTest-frameworks-${CONFIGURATION}-input-files.xcfilelist",
			);
			name = "[CP] Embed Pods Frameworks";
			outputFileListPaths = (
				"${PODS_ROOT}/Target Support Files/Pods-RxSwiftTest/Pods-RxSwiftTest-frameworks-${CONFIGURATION}-output-files.xcfilelist",
			);
			runOnlyForDeploymentPostprocessing = 0;
			shellPath = /bin/sh;
			shellScript = "\"${PODS_ROOT}/Target Support Files/Pods-RxSwiftTest/Pods-RxSwiftTest-frameworks.sh\"\n";
			showEnvVarsInLog = 0;
		};
/* End PBXShellScriptBuildPhase section */

/* Begin PBXSourcesBuildPhase section */
		C5DBDBDD299A1A9E00ACC8B3 /* Sources */ = {
			isa = PBXSourcesBuildPhase;
			buildActionMask = 2147483647;
			files = (
				C5DBDBE9299A1A9E00ACC8B3 /* ViewController.swift in Sources */,
				C5DBDBE5299A1A9E00ACC8B3 /* AppDelegate.swift in Sources */,
				C5DBDBE7299A1A9E00ACC8B3 /* SceneDelegate.swift in Sources */,
			);
			runOnlyForDeploymentPostprocessing = 0;
		};
		C5DBDBF3299A1A9F00ACC8B3 /* Sources */ = {
			isa = PBXSourcesBuildPhase;
			buildActionMask = 2147483647;
			files = (
				C5DBDBFC299A1A9F00ACC8B3 /* RxSwiftTestTests.swift in Sources */,
			);
			runOnlyForDeploymentPostprocessing = 0;
		};
		C5DBDBFD299A1A9F00ACC8B3 /* Sources */ = {
			isa = PBXSourcesBuildPhase;
			buildActionMask = 2147483647;
			files = (
				C5DBDC08299A1A9F00ACC8B3 /* RxSwiftTestUITestsLaunchTests.swift in Sources */,
				C5DBDC06299A1A9F00ACC8B3 /* RxSwiftTestUITests.swift in Sources */,
			);
			runOnlyForDeploymentPostprocessing = 0;
		};
/* End PBXSourcesBuildPhase section */

/* Begin PBXTargetDependency section */
		C5DBDBF9299A1A9F00ACC8B3 /* PBXTargetDependency */ = {
			isa = PBXTargetDependency;
			target = C5DBDBE0299A1A9E00ACC8B3 /* RxSwiftTest */;
			targetProxy = C5DBDBF8299A1A9F00ACC8B3 /* PBXContainerItemProxy */;
		};
		C5DBDC03299A1A9F00ACC8B3 /* PBXTargetDependency */ = {
			isa = PBXTargetDependency;
			target = C5DBDBE0299A1A9E00ACC8B3 /* RxSwiftTest */;
			targetProxy = C5DBDC02299A1A9F00ACC8B3 /* PBXContainerItemProxy */;
		};
/* End PBXTargetDependency section */

/* Begin PBXVariantGroup section */
		C5DBDBEA299A1A9E00ACC8B3 /* Main.storyboard */ = {
			isa = PBXVariantGroup;
			children = (
				C5DBDBEB299A1A9E00ACC8B3 /* Base */,
			);
			name = Main.storyboard;
			sourceTree = "<group>";
		};
		C5DBDBEF299A1A9F00ACC8B3 /* LaunchScreen.storyboard */ = {
			isa = PBXVariantGroup;
			children = (
				C5DBDBF0299A1A9F00ACC8B3 /* Base */,
			);
			name = LaunchScreen.storyboard;
			sourceTree = "<group>";
		};
/* End PBXVariantGroup section */

/* Begin XCBuildConfiguration section */
		C5DBDC09299A1A9F00ACC8B3 /* Debug */ = {
			isa = XCBuildConfiguration;
			buildSettings = {
				ALWAYS_SEARCH_USER_PATHS = NO;
				CLANG_ANALYZER_NONNULL = YES;
				CLANG_ANALYZER_NUMBER_OBJECT_CONVERSION = YES_AGGRESSIVE;
				CLANG_CXX_LANGUAGE_STANDARD = "gnu++20";
				CLANG_ENABLE_MODULES = YES;
				CLANG_ENABLE_OBJC_ARC = YES;
				CLANG_ENABLE_OBJC_WEAK = YES;
				CLANG_WARN_BLOCK_CAPTURE_AUTORELEASING = YES;
				CLANG_WARN_BOOL_CONVERSION = YES;
				CLANG_WARN_COMMA = YES;
				CLANG_WARN_CONSTANT_CONVERSION = YES;
				CLANG_WARN_DEPRECATED_OBJC_IMPLEMENTATIONS = YES;
				CLANG_WARN_DIRECT_OBJC_ISA_USAGE = YES_ERROR;
				CLANG_WARN_DOCUMENTATION_COMMENTS = YES;
				CLANG_WARN_EMPTY_BODY = YES;
				CLANG_WARN_ENUM_CONVERSION = YES;
				CLANG_WARN_INFINITE_RECURSION = YES;
				CLANG_WARN_INT_CONVERSION = YES;
				CLANG_WARN_NON_LITERAL_NULL_CONVERSION = YES;
				CLANG_WARN_OBJC_IMPLICIT_RETAIN_SELF = YES;
				CLANG_WARN_OBJC_LITERAL_CONVERSION = YES;
				CLANG_WARN_OBJC_ROOT_CLASS = YES_ERROR;
				CLANG_WARN_QUOTED_INCLUDE_IN_FRAMEWORK_HEADER = YES;
				CLANG_WARN_RANGE_LOOP_ANALYSIS = YES;
				CLANG_WARN_STRICT_PROTOTYPES = YES;
				CLANG_WARN_SUSPICIOUS_MOVE = YES;
				CLANG_WARN_UNGUARDED_AVAILABILITY = YES_AGGRESSIVE;
				CLANG_WARN_UNREACHABLE_CODE = YES;
				CLANG_WARN__DUPLICATE_METHOD_MATCH = YES;
				COPY_PHASE_STRIP = NO;
				DEBUG_INFORMATION_FORMAT = dwarf;
				ENABLE_STRICT_OBJC_MSGSEND = YES;
				ENABLE_TESTABILITY = YES;
				GCC_C_LANGUAGE_STANDARD = gnu11;
				GCC_DYNAMIC_NO_PIC = NO;
				GCC_NO_COMMON_BLOCKS = YES;
				GCC_OPTIMIZATION_LEVEL = 0;
				GCC_PREPROCESSOR_DEFINITIONS = (
					"DEBUG=1",
					"$(inherited)",
				);
				GCC_WARN_64_TO_32_BIT_CONVERSION = YES;
				GCC_WARN_ABOUT_RETURN_TYPE = YES_ERROR;
				GCC_WARN_UNDECLARED_SELECTOR = YES;
				GCC_WARN_UNINITIALIZED_AUTOS = YES_AGGRESSIVE;
				GCC_WARN_UNUSED_FUNCTION = YES;
				GCC_WARN_UNUSED_VARIABLE = YES;
				IPHONEOS_DEPLOYMENT_TARGET = 16.2;
				MTL_ENABLE_DEBUG_INFO = INCLUDE_SOURCE;
				MTL_FAST_MATH = YES;
				ONLY_ACTIVE_ARCH = YES;
				SDKROOT = iphoneos;
				SWIFT_ACTIVE_COMPILATION_CONDITIONS = DEBUG;
				SWIFT_OPTIMIZATION_LEVEL = "-Onone";
			};
			name = Debug;
		};
		C5DBDC0A299A1A9F00ACC8B3 /* Release */ = {
			isa = XCBuildConfiguration;
			buildSettings = {
				ALWAYS_SEARCH_USER_PATHS = NO;
				CLANG_ANALYZER_NONNULL = YES;
				CLANG_ANALYZER_NUMBER_OBJECT_CONVERSION = YES_AGGRESSIVE;
				CLANG_CXX_LANGUAGE_STANDARD = "gnu++20";
				CLANG_ENABLE_MODULES = YES;
				CLANG_ENABLE_OBJC_ARC = YES;
				CLANG_ENABLE_OBJC_WEAK = YES;
				CLANG_WARN_BLOCK_CAPTURE_AUTORELEASING = YES;
				CLANG_WARN_BOOL_CONVERSION = YES;
				CLANG_WARN_COMMA = YES;
				CLANG_WARN_CONSTANT_CONVERSION = YES;
				CLANG_WARN_DEPRECATED_OBJC_IMPLEMENTATIONS = YES;
				CLANG_WARN_DIRECT_OBJC_ISA_USAGE = YES_ERROR;
				CLANG_WARN_DOCUMENTATION_COMMENTS = YES;
				CLANG_WARN_EMPTY_BODY = YES;
				CLANG_WARN_ENUM_CONVERSION = YES;
				CLANG_WARN_INFINITE_RECURSION = YES;
				CLANG_WARN_INT_CONVERSION = YES;
				CLANG_WARN_NON_LITERAL_NULL_CONVERSION = YES;
				CLANG_WARN_OBJC_IMPLICIT_RETAIN_SELF = YES;
				CLANG_WARN_OBJC_LITERAL_CONVERSION = YES;
				CLANG_WARN_OBJC_ROOT_CLASS = YES_ERROR;
				CLANG_WARN_QUOTED_INCLUDE_IN_FRAMEWORK_HEADER = YES;
				CLANG_WARN_RANGE_LOOP_ANALYSIS = YES;
				CLANG_WARN_STRICT_PROTOTYPES = YES;
				CLANG_WARN_SUSPICIOUS_MOVE = YES;
				CLANG_WARN_UNGUARDED_AVAILABILITY = YES_AGGRESSIVE;
				CLANG_WARN_UNREACHABLE_CODE = YES;
				CLANG_WARN__DUPLICATE_METHOD_MATCH = YES;
				COPY_PHASE_STRIP = NO;
				DEBUG_INFORMATION_FORMAT = "dwarf-with-dsym";
				ENABLE_NS_ASSERTIONS = NO;
				ENABLE_STRICT_OBJC_MSGSEND = YES;
				GCC_C_LANGUAGE_STANDARD = gnu11;
				GCC_NO_COMMON_BLOCKS = YES;
				GCC_WARN_64_TO_32_BIT_CONVERSION = YES;
				GCC_WARN_ABOUT_RETURN_TYPE = YES_ERROR;
				GCC_WARN_UNDECLARED_SELECTOR = YES;
				GCC_WARN_UNINITIALIZED_AUTOS = YES_AGGRESSIVE;
				GCC_WARN_UNUSED_FUNCTION = YES;
				GCC_WARN_UNUSED_VARIABLE = YES;
				IPHONEOS_DEPLOYMENT_TARGET = 16.2;
				MTL_ENABLE_DEBUG_INFO = NO;
				MTL_FAST_MATH = YES;
				SDKROOT = iphoneos;
				SWIFT_COMPILATION_MODE = wholemodule;
				SWIFT_OPTIMIZATION_LEVEL = "-O";
				VALIDATE_PRODUCT = YES;
			};
			name = Release;
		};
		C5DBDC0C299A1A9F00ACC8B3 /* Debug */ = {
			isa = XCBuildConfiguration;
			baseConfigurationReference = 951672B00656AB2C222A8F25 /* Pods-RxSwiftTest.debug.xcconfig */;
			buildSettings = {
				ASSETCATALOG_COMPILER_APPICON_NAME = AppIcon;
				ASSETCATALOG_COMPILER_GLOBAL_ACCENT_COLOR_NAME = AccentColor;
				CODE_SIGN_STYLE = Automatic;
				CURRENT_PROJECT_VERSION = 1;
				DEVELOPMENT_TEAM = C4K2HXA435;
				GENERATE_INFOPLIST_FILE = YES;
				INFOPLIST_FILE = RxSwiftTest/Info.plist;
				INFOPLIST_KEY_UIApplicationSupportsIndirectInputEvents = YES;
				INFOPLIST_KEY_UILaunchStoryboardName = LaunchScreen;
				INFOPLIST_KEY_UIMainStoryboardFile = Main;
				INFOPLIST_KEY_UISupportedInterfaceOrientations_iPad = "UIInterfaceOrientationPortrait UIInterfaceOrientationPortraitUpsideDown UIInterfaceOrientationLandscapeLeft UIInterfaceOrientationLandscapeRight";
				INFOPLIST_KEY_UISupportedInterfaceOrientations_iPhone = "UIInterfaceOrientationPortrait UIInterfaceOrientationLandscapeLeft UIInterfaceOrientationLandscapeRight";
				LD_RUNPATH_SEARCH_PATHS = (
					"$(inherited)",
					"@executable_path/Frameworks",
				);
				MARKETING_VERSION = 1.0;
				PRODUCT_BUNDLE_IDENTIFIER = com.OwnCompany.RxSwiftTest;
				PRODUCT_NAME = "$(TARGET_NAME)";
				SWIFT_EMIT_LOC_STRINGS = YES;
				SWIFT_VERSION = 5.0;
				TARGETED_DEVICE_FAMILY = "1,2";
			};
			name = Debug;
		};
		C5DBDC0D299A1A9F00ACC8B3 /* Release */ = {
			isa = XCBuildConfiguration;
			baseConfigurationReference = 7AFA7A6A687C8CC4C3EA6480 /* Pods-RxSwiftTest.release.xcconfig */;
			buildSettings = {
				ASSETCATALOG_COMPILER_APPICON_NAME = AppIcon;
				ASSETCATALOG_COMPILER_GLOBAL_ACCENT_COLOR_NAME = AccentColor;
				CODE_SIGN_STYLE = Automatic;
				CURRENT_PROJECT_VERSION = 1;
				DEVELOPMENT_TEAM = C4K2HXA435;
				GENERATE_INFOPLIST_FILE = YES;
				INFOPLIST_FILE = RxSwiftTest/Info.plist;
				INFOPLIST_KEY_UIApplicationSupportsIndirectInputEvents = YES;
				INFOPLIST_KEY_UILaunchStoryboardName = LaunchScreen;
				INFOPLIST_KEY_UIMainStoryboardFile = Main;
				INFOPLIST_KEY_UISupportedInterfaceOrientations_iPad = "UIInterfaceOrientationPortrait UIInterfaceOrientationPortraitUpsideDown UIInterfaceOrientationLandscapeLeft UIInterfaceOrientationLandscapeRight";
				INFOPLIST_KEY_UISupportedInterfaceOrientations_iPhone = "UIInterfaceOrientationPortrait UIInterfaceOrientationLandscapeLeft UIInterfaceOrientationLandscapeRight";
				LD_RUNPATH_SEARCH_PATHS = (
					"$(inherited)",
					"@executable_path/Frameworks",
				);
				MARKETING_VERSION = 1.0;
				PRODUCT_BUNDLE_IDENTIFIER = com.OwnCompany.RxSwiftTest;
				PRODUCT_NAME = "$(TARGET_NAME)";
				SWIFT_EMIT_LOC_STRINGS = YES;
				SWIFT_VERSION = 5.0;
				TARGETED_DEVICE_FAMILY = "1,2";
			};
			name = Release;
		};
		C5DBDC0F299A1A9F00ACC8B3 /* Debug */ = {
			isa = XCBuildConfiguration;
			baseConfigurationReference = AD1D67377E5F9375C6F2919E /* Pods-RxSwiftTestTests.debug.xcconfig */;
			buildSettings = {
				ALWAYS_EMBED_SWIFT_STANDARD_LIBRARIES = YES;
				BUNDLE_LOADER = "$(TEST_HOST)";
				CODE_SIGN_STYLE = Automatic;
				CURRENT_PROJECT_VERSION = 1;
				DEVELOPMENT_TEAM = C4K2HXA435;
				GENERATE_INFOPLIST_FILE = YES;
				IPHONEOS_DEPLOYMENT_TARGET = 16.2;
				MARKETING_VERSION = 1.0;
				PRODUCT_BUNDLE_IDENTIFIER = com.OwnCompany.RxSwiftTestTests;
				PRODUCT_NAME = "$(TARGET_NAME)";
				SWIFT_EMIT_LOC_STRINGS = NO;
				SWIFT_VERSION = 5.0;
				TARGETED_DEVICE_FAMILY = "1,2";
				TEST_HOST = "$(BUILT_PRODUCTS_DIR)/RxSwiftTest.app/$(BUNDLE_EXECUTABLE_FOLDER_PATH)/RxSwiftTest";
			};
			name = Debug;
		};
		C5DBDC10299A1A9F00ACC8B3 /* Release */ = {
			isa = XCBuildConfiguration;
			baseConfigurationReference = BB496F88CFAC3018CFCA1E51 /* Pods-RxSwiftTestTests.release.xcconfig */;
			buildSettings = {
				ALWAYS_EMBED_SWIFT_STANDARD_LIBRARIES = YES;
				BUNDLE_LOADER = "$(TEST_HOST)";
				CODE_SIGN_STYLE = Automatic;
				CURRENT_PROJECT_VERSION = 1;
				DEVELOPMENT_TEAM = C4K2HXA435;
				GENERATE_INFOPLIST_FILE = YES;
				IPHONEOS_DEPLOYMENT_TARGET = 16.2;
				MARKETING_VERSION = 1.0;
				PRODUCT_BUNDLE_IDENTIFIER = com.OwnCompany.RxSwiftTestTests;
				PRODUCT_NAME = "$(TARGET_NAME)";
				SWIFT_EMIT_LOC_STRINGS = NO;
				SWIFT_VERSION = 5.0;
				TARGETED_DEVICE_FAMILY = "1,2";
				TEST_HOST = "$(BUILT_PRODUCTS_DIR)/RxSwiftTest.app/$(BUNDLE_EXECUTABLE_FOLDER_PATH)/RxSwiftTest";
			};
			name = Release;
		};
		C5DBDC12299A1A9F00ACC8B3 /* Debug */ = {
			isa = XCBuildConfiguration;
			baseConfigurationReference = 6BBA3DF2FCCB5944D82452DD /* Pods-RxSwiftTest-RxSwiftTestUITests.debug.xcconfig */;
			buildSettings = {
				ALWAYS_EMBED_SWIFT_STANDARD_LIBRARIES = YES;
				CODE_SIGN_STYLE = Automatic;
				CURRENT_PROJECT_VERSION = 1;
				DEVELOPMENT_TEAM = C4K2HXA435;
				GENERATE_INFOPLIST_FILE = YES;
				MARKETING_VERSION = 1.0;
				PRODUCT_BUNDLE_IDENTIFIER = com.OwnCompany.RxSwiftTestUITests;
				PRODUCT_NAME = "$(TARGET_NAME)";
				SWIFT_EMIT_LOC_STRINGS = NO;
				SWIFT_VERSION = 5.0;
				TARGETED_DEVICE_FAMILY = "1,2";
				TEST_TARGET_NAME = RxSwiftTest;
			};
			name = Debug;
		};
		C5DBDC13299A1A9F00ACC8B3 /* Release */ = {
			isa = XCBuildConfiguration;
			baseConfigurationReference = 5B3637DE2C5323343BF95466 /* Pods-RxSwiftTest-RxSwiftTestUITests.release.xcconfig */;
			buildSettings = {
				ALWAYS_EMBED_SWIFT_STANDARD_LIBRARIES = YES;
				CODE_SIGN_STYLE = Automatic;
				CURRENT_PROJECT_VERSION = 1;
				DEVELOPMENT_TEAM = C4K2HXA435;
				GENERATE_INFOPLIST_FILE = YES;
				MARKETING_VERSION = 1.0;
				PRODUCT_BUNDLE_IDENTIFIER = com.OwnCompany.RxSwiftTestUITests;
				PRODUCT_NAME = "$(TARGET_NAME)";
				SWIFT_EMIT_LOC_STRINGS = NO;
				SWIFT_VERSION = 5.0;
				TARGETED_DEVICE_FAMILY = "1,2";
				TEST_TARGET_NAME = RxSwiftTest;
			};
			name = Release;
		};
/* End XCBuildConfiguration section */

/* Begin XCConfigurationList section */
		C5DBDBDC299A1A9E00ACC8B3 /* Build configuration list for PBXProject "RxSwiftTest" */ = {
			isa = XCConfigurationList;
			buildConfigurations = (
				C5DBDC09299A1A9F00ACC8B3 /* Debug */,
				C5DBDC0A299A1A9F00ACC8B3 /* Release */,
			);
			defaultConfigurationIsVisible = 0;
			defaultConfigurationName = Release;
		};
		C5DBDC0B299A1A9F00ACC8B3 /* Build configuration list for PBXNativeTarget "RxSwiftTest" */ = {
			isa = XCConfigurationList;
			buildConfigurations = (
				C5DBDC0C299A1A9F00ACC8B3 /* Debug */,
				C5DBDC0D299A1A9F00ACC8B3 /* Release */,
			);
			defaultConfigurationIsVisible = 0;
			defaultConfigurationName = Release;
		};
		C5DBDC0E299A1A9F00ACC8B3 /* Build configuration list for PBXNativeTarget "RxSwiftTestTests" */ = {
			isa = XCConfigurationList;
			buildConfigurations = (
				C5DBDC0F299A1A9F00ACC8B3 /* Debug */,
				C5DBDC10299A1A9F00ACC8B3 /* Release */,
			);
			defaultConfigurationIsVisible = 0;
			defaultConfigurationName = Release;
		};
		C5DBDC11299A1A9F00ACC8B3 /* Build configuration list for PBXNativeTarget "RxSwiftTestUITests" */ = {
			isa = XCConfigurationList;
			buildConfigurations = (
				C5DBDC12299A1A9F00ACC8B3 /* Debug */,
				C5DBDC13299A1A9F00ACC8B3 /* Release */,
			);
			defaultConfigurationIsVisible = 0;
			defaultConfigurationName = Release;
		};
/* End XCConfigurationList section */
	};
	rootObject = C5DBDBD9299A1A9E00ACC8B3 /* Project object */;
}
