// !$*UTF8*$!
{
	archiveVersion = 1;
	classes = {
	};
	objectVersion = 56;
	objects = {

/* Begin PBXBuildFile section */
		C50865F8299A19C000AAF82B /* RxCocoa in Frameworks */ = {isa = PBXBuildFile; productRef = C50865F7299A19C000AAF82B /* RxCocoa */; };
		C50865FA299A19C000AAF82B /* RxSwift in Frameworks */ = {isa = PBXBuildFile; productRef = C50865F9299A19C000AAF82B /* RxSwift */; };
		C5A1B72A2993524300892872 /* AppDelegate.swift in Sources */ = {isa = PBXBuildFile; fileRef = C5A1B7292993524300892872 /* AppDelegate.swift */; };
		C5A1B72C2993524300892872 /* SceneDelegate.swift in Sources */ = {isa = PBXBuildFile; fileRef = C5A1B72B2993524300892872 /* SceneDelegate.swift */; };
		C5A1B72E2993524300892872 /* ViewController.swift in Sources */ = {isa = PBXBuildFile; fileRef = C5A1B72D2993524300892872 /* ViewController.swift */; };
		C5A1B7312993524300892872 /* Main.storyboard in Resources */ = {isa = PBXBuildFile; fileRef = C5A1B72F2993524300892872 /* Main.storyboard */; };
		C5A1B7332993524400892872 /* Assets.xcassets in Resources */ = {isa = PBXBuildFile; fileRef = C5A1B7322993524400892872 /* Assets.xcassets */; };
		C5A1B7362993524400892872 /* LaunchScreen.storyboard in Resources */ = {isa = PBXBuildFile; fileRef = C5A1B7342993524400892872 /* LaunchScreen.storyboard */; };
		C5A1B7412993524400892872 /* testTests.swift in Sources */ = {isa = PBXBuildFile; fileRef = C5A1B7402993524400892872 /* testTests.swift */; };
		C5A1B74B2993524400892872 /* testUITests.swift in Sources */ = {isa = PBXBuildFile; fileRef = C5A1B74A2993524400892872 /* testUITests.swift */; };
		C5A1B74D2993524400892872 /* testUITestsLaunchTests.swift in Sources */ = {isa = PBXBuildFile; fileRef = C5A1B74C2993524400892872 /* testUITestsLaunchTests.swift */; };
/* End PBXBuildFile section */

/* Begin PBXContainerItemProxy section */
		C5A1B73D2993524400892872 /* PBXContainerItemProxy */ = {
			isa = PBXContainerItemProxy;
			containerPortal = C5A1B71E2993524300892872 /* Project object */;
			proxyType = 1;
			remoteGlobalIDString = C5A1B7252993524300892872;
			remoteInfo = test;
		};
		C5A1B7472993524400892872 /* PBXContainerItemProxy */ = {
			isa = PBXContainerItemProxy;
			containerPortal = C5A1B71E2993524300892872 /* Project object */;
			proxyType = 1;
			remoteGlobalIDString = C5A1B7252993524300892872;
			remoteInfo = test;
		};
/* End PBXContainerItemProxy section */

/* Begin PBXFileReference section */
		C5A1B7262993524300892872 /* test.app */ = {isa = PBXFileReference; explicitFileType = wrapper.application; includeInIndex = 0; path = test.app; sourceTree = BUILT_PRODUCTS_DIR; };
		C5A1B7292993524300892872 /* AppDelegate.swift */ = {isa = PBXFileReference; lastKnownFileType = sourcecode.swift; path = AppDelegate.swift; sourceTree = "<group>"; };
		C5A1B72B2993524300892872 /* SceneDelegate.swift */ = {isa = PBXFileReference; lastKnownFileType = sourcecode.swift; path = SceneDelegate.swift; sourceTree = "<group>"; };
		C5A1B72D2993524300892872 /* ViewController.swift */ = {isa = PBXFileReference; lastKnownFileType = sourcecode.swift; path = ViewController.swift; sourceTree = "<group>"; };
		C5A1B7302993524300892872 /* Base */ = {isa = PBXFileReference; lastKnownFileType = file.storyboard; name = Base; path = Base.lproj/Main.storyboard; sourceTree = "<group>"; };
		C5A1B7322993524400892872 /* Assets.xcassets */ = {isa = PBXFileReference; lastKnownFileType = folder.assetcatalog; path = Assets.xcassets; sourceTree = "<group>"; };
		C5A1B7352993524400892872 /* Base */ = {isa = PBXFileReference; lastKnownFileType = file.storyboard; name = Base; path = Base.lproj/LaunchScreen.storyboard; sourceTree = "<group>"; };
		C5A1B7372993524400892872 /* Info.plist */ = {isa = PBXFileReference; lastKnownFileType = text.plist.xml; path = Info.plist; sourceTree = "<group>"; };
		C5A1B73C2993524400892872 /* testTests.xctest */ = {isa = PBXFileReference; explicitFileType = wrapper.cfbundle; includeInIndex = 0; path = testTests.xctest; sourceTree = BUILT_PRODUCTS_DIR; };
		C5A1B7402993524400892872 /* testTests.swift */ = {isa = PBXFileReference; lastKnownFileType = sourcecode.swift; path = testTests.swift; sourceTree = "<group>"; };
		C5A1B7462993524400892872 /* testUITests.xctest */ = {isa = PBXFileReference; explicitFileType = wrapper.cfbundle; includeInIndex = 0; path = testUITests.xctest; sourceTree = BUILT_PRODUCTS_DIR; };
		C5A1B74A2993524400892872 /* testUITests.swift */ = {isa = PBXFileReference; lastKnownFileType = sourcecode.swift; path = testUITests.swift; sourceTree = "<group>"; };
		C5A1B74C2993524400892872 /* testUITestsLaunchTests.swift */ = {isa = PBXFileReference; lastKnownFileType = sourcecode.swift; path = testUITestsLaunchTests.swift; sourceTree = "<group>"; };
		C5A1B7592993524E00892872 /* MyPlayground.playground */ = {isa = PBXFileReference; lastKnownFileType = file.playground; path = MyPlayground.playground; sourceTree = "<group>"; xcLanguageSpecificationIdentifier = xcode.lang.swift; };
/* End PBXFileReference section */

/* Begin PBXFrameworksBuildPhase section */
		C5A1B7232993524300892872 /* Frameworks */ = {
			isa = PBXFrameworksBuildPhase;
			buildActionMask = 2147483647;
			files = (
				C50865FA299A19C000AAF82B /* RxSwift in Frameworks */,
				C50865F8299A19C000AAF82B /* RxCocoa in Frameworks */,
			);
			runOnlyForDeploymentPostprocessing = 0;
		};
		C5A1B7392993524400892872 /* Frameworks */ = {
			isa = PBXFrameworksBuildPhase;
			buildActionMask = 2147483647;
			files = (
			);
			runOnlyForDeploymentPostprocessing = 0;
		};
		C5A1B7432993524400892872 /* Frameworks */ = {
			isa = PBXFrameworksBuildPhase;
			buildActionMask = 2147483647;
			files = (
			);
			runOnlyForDeploymentPostprocessing = 0;
		};
/* End PBXFrameworksBuildPhase section */

/* Begin PBXGroup section */
		C5A1B71D2993524300892872 = {
			isa = PBXGroup;
			children = (
				C5A1B7592993524E00892872 /* MyPlayground.playground */,
				C5A1B7282993524300892872 /* test */,
				C5A1B73F2993524400892872 /* testTests */,
				C5A1B7492993524400892872 /* testUITests */,
				C5A1B7272993524300892872 /* Products */,
			);
			sourceTree = "<group>";
		};
		C5A1B7272993524300892872 /* Products */ = {
			isa = PBXGroup;
			children = (
				C5A1B7262993524300892872 /* test.app */,
				C5A1B73C2993524400892872 /* testTests.xctest */,
				C5A1B7462993524400892872 /* testUITests.xctest */,
			);
			name = Products;
			sourceTree = "<group>";
		};
		C5A1B7282993524300892872 /* test */ = {
			isa = PBXGroup;
			children = (
				C5A1B7292993524300892872 /* AppDelegate.swift */,
				C5A1B72B2993524300892872 /* SceneDelegate.swift */,
				C5A1B72D2993524300892872 /* ViewController.swift */,
				C5A1B72F2993524300892872 /* Main.storyboard */,
				C5A1B7322993524400892872 /* Assets.xcassets */,
				C5A1B7342993524400892872 /* LaunchScreen.storyboard */,
				C5A1B7372993524400892872 /* Info.plist */,
			);
			path = test;
			sourceTree = "<group>";
		};
		C5A1B73F2993524400892872 /* testTests */ = {
			isa = PBXGroup;
			children = (
				C5A1B7402993524400892872 /* testTests.swift */,
			);
			path = testTests;
			sourceTree = "<group>";
		};
		C5A1B7492993524400892872 /* testUITests */ = {
			isa = PBXGroup;
			children = (
				C5A1B74A2993524400892872 /* testUITests.swift */,
				C5A1B74C2993524400892872 /* testUITestsLaunchTests.swift */,
			);
			path = testUITests;
			sourceTree = "<group>";
		};
/* End PBXGroup section */

/* Begin PBXNativeTarget section */
		C5A1B7252993524300892872 /* test */ = {
			isa = PBXNativeTarget;
			buildConfigurationList = C5A1B7502993524400892872 /* Build configuration list for PBXNativeTarget "test" */;
			buildPhases = (
				C5A1B7222993524300892872 /* Sources */,
				C5A1B7232993524300892872 /* Frameworks */,
				C5A1B7242993524300892872 /* Resources */,
			);
			buildRules = (
			);
			dependencies = (
			);
			name = test;
			packageProductDependencies = (
				C50865F7299A19C000AAF82B /* RxCocoa */,
				C50865F9299A19C000AAF82B /* RxSwift */,
			);
			productName = test;
			productReference = C5A1B7262993524300892872 /* test.app */;
			productType = "com.apple.product-type.application";
		};
		C5A1B73B2993524400892872 /* testTests */ = {
			isa = PBXNativeTarget;
			buildConfigurationList = C5A1B7532993524400892872 /* Build configuration list for PBXNativeTarget "testTests" */;
			buildPhases = (
				C5A1B7382993524400892872 /* Sources */,
				C5A1B7392993524400892872 /* Frameworks */,
				C5A1B73A2993524400892872 /* Resources */,
			);
			buildRules = (
			);
			dependencies = (
				C5A1B73E2993524400892872 /* PBXTargetDependency */,
			);
			name = testTests;
			productName = testTests;
			productReference = C5A1B73C2993524400892872 /* testTests.xctest */;
			productType = "com.apple.product-type.bundle.unit-test";
		};
		C5A1B7452993524400892872 /* testUITests */ = {
			isa = PBXNativeTarget;
			buildConfigurationList = C5A1B7562993524400892872 /* Build configuration list for PBXNativeTarget "testUITests" */;
			buildPhases = (
				C5A1B7422993524400892872 /* Sources */,
				C5A1B7432993524400892872 /* Frameworks */,
				C5A1B7442993524400892872 /* Resources */,
			);
			buildRules = (
			);
			dependencies = (
				C5A1B7482993524400892872 /* PBXTargetDependency */,
			);
			name = testUITests;
			productName = testUITests;
			productReference = C5A1B7462993524400892872 /* testUITests.xctest */;
			productType = "com.apple.product-type.bundle.ui-testing";
		};
/* End PBXNativeTarget section */

/* Begin PBXProject section */
		C5A1B71E2993524300892872 /* Project object */ = {
			isa = PBXProject;
			attributes = {
				BuildIndependentTargetsInParallel = 1;
				LastSwiftUpdateCheck = 1420;
				LastUpgradeCheck = 1420;
				TargetAttributes = {
					C5A1B7252993524300892872 = {
						CreatedOnToolsVersion = 14.2;
					};
					C5A1B73B2993524400892872 = {
						CreatedOnToolsVersion = 14.2;
						TestTargetID = C5A1B7252993524300892872;
					};
					C5A1B7452993524400892872 = {
						CreatedOnToolsVersion = 14.2;
						TestTargetID = C5A1B7252993524300892872;
					};
				};
			};
			buildConfigurationList = C5A1B7212993524300892872 /* Build configuration list for PBXProject "test" */;
			compatibilityVersion = "Xcode 14.0";
			developmentRegion = en;
			hasScannedForEncodings = 0;
			knownRegions = (
				en,
				Base,
			);
			mainGroup = C5A1B71D2993524300892872;
			packageReferences = (
				C50865F6299A19C000AAF82B /* XCRemoteSwiftPackageReference "RxSwift" */,
			);
			productRefGroup = C5A1B7272993524300892872 /* Products */;
			projectDirPath = "";
			projectRoot = "";
			targets = (
				C5A1B7252993524300892872 /* test */,
				C5A1B73B2993524400892872 /* testTests */,
				C5A1B7452993524400892872 /* testUITests */,
			);
		};
/* End PBXProject section */

/* Begin PBXResourcesBuildPhase section */
		C5A1B7242993524300892872 /* Resources */ = {
			isa = PBXResourcesBuildPhase;
			buildActionMask = 2147483647;
			files = (
				C5A1B7362993524400892872 /* LaunchScreen.storyboard in Resources */,
				C5A1B7332993524400892872 /* Assets.xcassets in Resources */,
				C5A1B7312993524300892872 /* Main.storyboard in Resources */,
			);
			runOnlyForDeploymentPostprocessing = 0;
		};
		C5A1B73A2993524400892872 /* Resources */ = {
			isa = PBXResourcesBuildPhase;
			buildActionMask = 2147483647;
			files = (
			);
			runOnlyForDeploymentPostprocessing = 0;
		};
		C5A1B7442993524400892872 /* Resources */ = {
			isa = PBXResourcesBuildPhase;
			buildActionMask = 2147483647;
			files = (
			);
			runOnlyForDeploymentPostprocessing = 0;
		};
/* End PBXResourcesBuildPhase section */

/* Begin PBXSourcesBuildPhase section */
		C5A1B7222993524300892872 /* Sources */ = {
			isa = PBXSourcesBuildPhase;
			buildActionMask = 2147483647;
			files = (
				C5A1B72E2993524300892872 /* ViewController.swift in Sources */,
				C5A1B72A2993524300892872 /* AppDelegate.swift in Sources */,
				C5A1B72C2993524300892872 /* SceneDelegate.swift in Sources */,
			);
			runOnlyForDeploymentPostprocessing = 0;
		};
		C5A1B7382993524400892872 /* Sources */ = {
			isa = PBXSourcesBuildPhase;
			buildActionMask = 2147483647;
			files = (
				C5A1B7412993524400892872 /* testTests.swift in Sources */,
			);
			runOnlyForDeploymentPostprocessing = 0;
		};
		C5A1B7422993524400892872 /* Sources */ = {
			isa = PBXSourcesBuildPhase;
			buildActionMask = 2147483647;
			files = (
				C5A1B74D2993524400892872 /* testUITestsLaunchTests.swift in Sources */,
				C5A1B74B2993524400892872 /* testUITests.swift in Sources */,
			);
			runOnlyForDeploymentPostprocessing = 0;
		};
/* End PBXSourcesBuildPhase section */

/* Begin PBXTargetDependency section */
		C5A1B73E2993524400892872 /* PBXTargetDependency */ = {
			isa = PBXTargetDependency;
			target = C5A1B7252993524300892872 /* test */;
			targetProxy = C5A1B73D2993524400892872 /* PBXContainerItemProxy */;
		};
		C5A1B7482993524400892872 /* PBXTargetDependency */ = {
			isa = PBXTargetDependency;
			target = C5A1B7252993524300892872 /* test */;
			targetProxy = C5A1B7472993524400892872 /* PBXContainerItemProxy */;
		};
/* End PBXTargetDependency section */

/* Begin PBXVariantGroup section */
		C5A1B72F2993524300892872 /* Main.storyboard */ = {
			isa = PBXVariantGroup;
			children = (
				C5A1B7302993524300892872 /* Base */,
			);
			name = Main.storyboard;
			sourceTree = "<group>";
		};
		C5A1B7342993524400892872 /* LaunchScreen.storyboard */ = {
			isa = PBXVariantGroup;
			children = (
				C5A1B7352993524400892872 /* Base */,
			);
			name = LaunchScreen.storyboard;
			sourceTree = "<group>";
		};
/* End PBXVariantGroup section */

/* Begin XCBuildConfiguration section */
		C5A1B74E2993524400892872 /* Debug */ = {
			isa = XCBuildConfiguration;
			buildSettings = {
				ALWAYS_SEARCH_USER_PATHS = NO;
				CLANG_ANALYZER_NONNULL = YES;
				CLANG_ANALYZER_NUMBER_OBJECT_CONVERSION = YES_AGGRESSIVE;
				CLANG_CXX_LANGUAGE_STANDARD = "gnu++20";
				CLANG_ENABLE_MODULES = YES;
				CLANG_ENABLE_OBJC_ARC = YES;
				CLANG_ENABLE_OBJC_WEAK = YES;
				CLANG_WARN_BLOCK_CAPTURE_AUTORELEASING = YES;
				CLANG_WARN_BOOL_CONVERSION = YES;
				CLANG_WARN_COMMA = YES;
				CLANG_WARN_CONSTANT_CONVERSION = YES;
				CLANG_WARN_DEPRECATED_OBJC_IMPLEMENTATIONS = YES;
				CLANG_WARN_DIRECT_OBJC_ISA_USAGE = YES_ERROR;
				CLANG_WARN_DOCUMENTATION_COMMENTS = YES;
				CLANG_WARN_EMPTY_BODY = YES;
				CLANG_WARN_ENUM_CONVERSION = YES;
				CLANG_WARN_INFINITE_RECURSION = YES;
				CLANG_WARN_INT_CONVERSION = YES;
				CLANG_WARN_NON_LITERAL_NULL_CONVERSION = YES;
				CLANG_WARN_OBJC_IMPLICIT_RETAIN_SELF = YES;
				CLANG_WARN_OBJC_LITERAL_CONVERSION = YES;
				CLANG_WARN_OBJC_ROOT_CLASS = YES_ERROR;
				CLANG_WARN_QUOTED_INCLUDE_IN_FRAMEWORK_HEADER = YES;
				CLANG_WARN_RANGE_LOOP_ANALYSIS = YES;
				CLANG_WARN_STRICT_PROTOTYPES = YES;
				CLANG_WARN_SUSPICIOUS_MOVE = YES;
				CLANG_WARN_UNGUARDED_AVAILABILITY = YES_AGGRESSIVE;
				CLANG_WARN_UNREACHABLE_CODE = YES;
				CLANG_WARN__DUPLICATE_METHOD_MATCH = YES;
				COPY_PHASE_STRIP = NO;
				DEBUG_INFORMATION_FORMAT = dwarf;
				ENABLE_STRICT_OBJC_MSGSEND = YES;
				ENABLE_TESTABILITY = YES;
				GCC_C_LANGUAGE_STANDARD = gnu11;
				GCC_DYNAMIC_NO_PIC = NO;
				GCC_NO_COMMON_BLOCKS = YES;
				GCC_OPTIMIZATION_LEVEL = 0;
				GCC_PREPROCESSOR_DEFINITIONS = (
					"DEBUG=1",
					"$(inherited)",
				);
				GCC_WARN_64_TO_32_BIT_CONVERSION = YES;
				GCC_WARN_ABOUT_RETURN_TYPE = YES_ERROR;
				GCC_WARN_UNDECLARED_SELECTOR = YES;
				GCC_WARN_UNINITIALIZED_AUTOS = YES_AGGRESSIVE;
				GCC_WARN_UNUSED_FUNCTION = YES;
				GCC_WARN_UNUSED_VARIABLE = YES;
				IPHONEOS_DEPLOYMENT_TARGET = 16.2;
				MTL_ENABLE_DEBUG_INFO = INCLUDE_SOURCE;
				MTL_FAST_MATH = YES;
				ONLY_ACTIVE_ARCH = YES;
				SDKROOT = iphoneos;
				SWIFT_ACTIVE_COMPILATION_CONDITIONS = DEBUG;
				SWIFT_OPTIMIZATION_LEVEL = "-Onone";
			};
			name = Debug;
		};
		C5A1B74F2993524400892872 /* Release */ = {
			isa = XCBuildConfiguration;
			buildSettings = {
				ALWAYS_SEARCH_USER_PATHS = NO;
				CLANG_ANALYZER_NONNULL = YES;
				CLANG_ANALYZER_NUMBER_OBJECT_CONVERSION = YES_AGGRESSIVE;
				CLANG_CXX_LANGUAGE_STANDARD = "gnu++20";
				CLANG_ENABLE_MODULES = YES;
				CLANG_ENABLE_OBJC_ARC = YES;
				CLANG_ENABLE_OBJC_WEAK = YES;
				CLANG_WARN_BLOCK_CAPTURE_AUTORELEASING = YES;
				CLANG_WARN_BOOL_CONVERSION = YES;
				CLANG_WARN_COMMA = YES;
				CLANG_WARN_CONSTANT_CONVERSION = YES;
				CLANG_WARN_DEPRECATED_OBJC_IMPLEMENTATIONS = YES;
				CLANG_WARN_DIRECT_OBJC_ISA_USAGE = YES_ERROR;
				CLANG_WARN_DOCUMENTATION_COMMENTS = YES;
				CLANG_WARN_EMPTY_BODY = YES;
				CLANG_WARN_ENUM_CONVERSION = YES;
				CLANG_WARN_INFINITE_RECURSION = YES;
				CLANG_WARN_INT_CONVERSION = YES;
				CLANG_WARN_NON_LITERAL_NULL_CONVERSION = YES;
				CLANG_WARN_OBJC_IMPLICIT_RETAIN_SELF = YES;
				CLANG_WARN_OBJC_LITERAL_CONVERSION = YES;
				CLANG_WARN_OBJC_ROOT_CLASS = YES_ERROR;
				CLANG_WARN_QUOTED_INCLUDE_IN_FRAMEWORK_HEADER = YES;
				CLANG_WARN_RANGE_LOOP_ANALYSIS = YES;
				CLANG_WARN_STRICT_PROTOTYPES = YES;
				CLANG_WARN_SUSPICIOUS_MOVE = YES;
				CLANG_WARN_UNGUARDED_AVAILABILITY = YES_AGGRESSIVE;
				CLANG_WARN_UNREACHABLE_CODE = YES;
				CLANG_WARN__DUPLICATE_METHOD_MATCH = YES;
				COPY_PHASE_STRIP = NO;
				DEBUG_INFORMATION_FORMAT = "dwarf-with-dsym";
				ENABLE_NS_ASSERTIONS = NO;
				ENABLE_STRICT_OBJC_MSGSEND = YES;
				GCC_C_LANGUAGE_STANDARD = gnu11;
				GCC_NO_COMMON_BLOCKS = YES;
				GCC_WARN_64_TO_32_BIT_CONVERSION = YES;
				GCC_WARN_ABOUT_RETURN_TYPE = YES_ERROR;
				GCC_WARN_UNDECLARED_SELECTOR = YES;
				GCC_WARN_UNINITIALIZED_AUTOS = YES_AGGRESSIVE;
				GCC_WARN_UNUSED_FUNCTION = YES;
				GCC_WARN_UNUSED_VARIABLE = YES;
				IPHONEOS_DEPLOYMENT_TARGET = 16.2;
				MTL_ENABLE_DEBUG_INFO = NO;
				MTL_FAST_MATH = YES;
				SDKROOT = iphoneos;
				SWIFT_COMPILATION_MODE = wholemodule;
				SWIFT_OPTIMIZATION_LEVEL = "-O";
				VALIDATE_PRODUCT = YES;
			};
			name = Release;
		};
		C5A1B7512993524400892872 /* Debug */ = {
			isa = XCBuildConfiguration;
			buildSettings = {
				ASSETCATALOG_COMPILER_APPICON_NAME = AppIcon;
				ASSETCATALOG_COMPILER_GLOBAL_ACCENT_COLOR_NAME = AccentColor;
				CODE_SIGN_STYLE = Automatic;
				CURRENT_PROJECT_VERSION = 1;
				DEVELOPMENT_TEAM = C4K2HXA435;
				GENERATE_INFOPLIST_FILE = YES;
				INFOPLIST_FILE = test/Info.plist;
				INFOPLIST_KEY_UIApplicationSupportsIndirectInputEvents = YES;
				INFOPLIST_KEY_UILaunchStoryboardName = LaunchScreen;
				INFOPLIST_KEY_UIMainStoryboardFile = Main;
				INFOPLIST_KEY_UISupportedInterfaceOrientations_iPad = "UIInterfaceOrientationPortrait UIInterfaceOrientationPortraitUpsideDown UIInterfaceOrientationLandscapeLeft UIInterfaceOrientationLandscapeRight";
				INFOPLIST_KEY_UISupportedInterfaceOrientations_iPhone = "UIInterfaceOrientationPortrait UIInterfaceOrientationLandscapeLeft UIInterfaceOrientationLandscapeRight";
				LD_RUNPATH_SEARCH_PATHS = (
					"$(inherited)",
					"@executable_path/Frameworks",
				);
				MARKETING_VERSION = 1.0;
				PRODUCT_BUNDLE_IDENTIFIER = com.OwnCompany.test;
				PRODUCT_NAME = "$(TARGET_NAME)";
				SWIFT_EMIT_LOC_STRINGS = YES;
				SWIFT_VERSION = 5.0;
				TARGETED_DEVICE_FAMILY = "1,2";
			};
			name = Debug;
		};
		C5A1B7522993524400892872 /* Release */ = {
			isa = XCBuildConfiguration;
			buildSettings = {
				ASSETCATALOG_COMPILER_APPICON_NAME = AppIcon;
				ASSETCATALOG_COMPILER_GLOBAL_ACCENT_COLOR_NAME = AccentColor;
				CODE_SIGN_STYLE = Automatic;
				CURRENT_PROJECT_VERSION = 1;
				DEVELOPMENT_TEAM = C4K2HXA435;
				GENERATE_INFOPLIST_FILE = YES;
				INFOPLIST_FILE = test/Info.plist;
				INFOPLIST_KEY_UIApplicationSupportsIndirectInputEvents = YES;
				INFOPLIST_KEY_UILaunchStoryboardName = LaunchScreen;
				INFOPLIST_KEY_UIMainStoryboardFile = Main;
				INFOPLIST_KEY_UISupportedInterfaceOrientations_iPad = "UIInterfaceOrientationPortrait UIInterfaceOrientationPortraitUpsideDown UIInterfaceOrientationLandscapeLeft UIInterfaceOrientationLandscapeRight";
				INFOPLIST_KEY_UISupportedInterfaceOrientations_iPhone = "UIInterfaceOrientationPortrait UIInterfaceOrientationLandscapeLeft UIInterfaceOrientationLandscapeRight";
				LD_RUNPATH_SEARCH_PATHS = (
					"$(inherited)",
					"@executable_path/Frameworks",
				);
				MARKETING_VERSION = 1.0;
				PRODUCT_BUNDLE_IDENTIFIER = com.OwnCompany.test;
				PRODUCT_NAME = "$(TARGET_NAME)";
				SWIFT_EMIT_LOC_STRINGS = YES;
				SWIFT_VERSION = 5.0;
				TARGETED_DEVICE_FAMILY = "1,2";
			};
			name = Release;
		};
		C5A1B7542993524400892872 /* Debug */ = {
			isa = XCBuildConfiguration;
			buildSettings = {
				ALWAYS_EMBED_SWIFT_STANDARD_LIBRARIES = YES;
				BUNDLE_LOADER = "$(TEST_HOST)";
				CODE_SIGN_STYLE = Automatic;
				CURRENT_PROJECT_VERSION = 1;
				DEVELOPMENT_TEAM = C4K2HXA435;
				GENERATE_INFOPLIST_FILE = YES;
				IPHONEOS_DEPLOYMENT_TARGET = 16.2;
				MARKETING_VERSION = 1.0;
				PRODUCT_BUNDLE_IDENTIFIER = com.OwnCompany.testTests;
				PRODUCT_NAME = "$(TARGET_NAME)";
				SWIFT_EMIT_LOC_STRINGS = NO;
				SWIFT_VERSION = 5.0;
				TARGETED_DEVICE_FAMILY = "1,2";
				TEST_HOST = "$(BUILT_PRODUCTS_DIR)/test.app/$(BUNDLE_EXECUTABLE_FOLDER_PATH)/test";
			};
			name = Debug;
		};
		C5A1B7552993524400892872 /* Release */ = {
			isa = XCBuildConfiguration;
			buildSettings = {
				ALWAYS_EMBED_SWIFT_STANDARD_LIBRARIES = YES;
				BUNDLE_LOADER = "$(TEST_HOST)";
				CODE_SIGN_STYLE = Automatic;
				CURRENT_PROJECT_VERSION = 1;
				DEVELOPMENT_TEAM = C4K2HXA435;
				GENERATE_INFOPLIST_FILE = YES;
				IPHONEOS_DEPLOYMENT_TARGET = 16.2;
				MARKETING_VERSION = 1.0;
				PRODUCT_BUNDLE_IDENTIFIER = com.OwnCompany.testTests;
				PRODUCT_NAME = "$(TARGET_NAME)";
				SWIFT_EMIT_LOC_STRINGS = NO;
				SWIFT_VERSION = 5.0;
				TARGETED_DEVICE_FAMILY = "1,2";
				TEST_HOST = "$(BUILT_PRODUCTS_DIR)/test.app/$(BUNDLE_EXECUTABLE_FOLDER_PATH)/test";
			};
			name = Release;
		};
		C5A1B7572993524400892872 /* Debug */ = {
			isa = XCBuildConfiguration;
			buildSettings = {
				ALWAYS_EMBED_SWIFT_STANDARD_LIBRARIES = YES;
				CODE_SIGN_STYLE = Automatic;
				CURRENT_PROJECT_VERSION = 1;
				DEVELOPMENT_TEAM = C4K2HXA435;
				GENERATE_INFOPLIST_FILE = YES;
				MARKETING_VERSION = 1.0;
				PRODUCT_BUNDLE_IDENTIFIER = com.OwnCompany.testUITests;
				PRODUCT_NAME = "$(TARGET_NAME)";
				SWIFT_EMIT_LOC_STRINGS = NO;
				SWIFT_VERSION = 5.0;
				TARGETED_DEVICE_FAMILY = "1,2";
				TEST_TARGET_NAME = test;
			};
			name = Debug;
		};
		C5A1B7582993524400892872 /* Release */ = {
			isa = XCBuildConfiguration;
			buildSettings = {
				ALWAYS_EMBED_SWIFT_STANDARD_LIBRARIES = YES;
				CODE_SIGN_STYLE = Automatic;
				CURRENT_PROJECT_VERSION = 1;
				DEVELOPMENT_TEAM = C4K2HXA435;
				GENERATE_INFOPLIST_FILE = YES;
				MARKETING_VERSION = 1.0;
				PRODUCT_BUNDLE_IDENTIFIER = com.OwnCompany.testUITests;
				PRODUCT_NAME = "$(TARGET_NAME)";
				SWIFT_EMIT_LOC_STRINGS = NO;
				SWIFT_VERSION = 5.0;
				TARGETED_DEVICE_FAMILY = "1,2";
				TEST_TARGET_NAME = test;
			};
			name = Release;
		};
/* End XCBuildConfiguration section */

/* Begin XCConfigurationList section */
		C5A1B7212993524300892872 /* Build configuration list for PBXProject "test" */ = {
			isa = XCConfigurationList;
			buildConfigurations = (
				C5A1B74E2993524400892872 /* Debug */,
				C5A1B74F2993524400892872 /* Release */,
			);
			defaultConfigurationIsVisible = 0;
			defaultConfigurationName = Release;
		};
		C5A1B7502993524400892872 /* Build configuration list for PBXNativeTarget "test" */ = {
			isa = XCConfigurationList;
			buildConfigurations = (
				C5A1B7512993524400892872 /* Debug */,
				C5A1B7522993524400892872 /* Release */,
			);
			defaultConfigurationIsVisible = 0;
			defaultConfigurationName = Release;
		};
		C5A1B7532993524400892872 /* Build configuration list for PBXNativeTarget "testTests" */ = {
			isa = XCConfigurationList;
			buildConfigurations = (
				C5A1B7542993524400892872 /* Debug */,
				C5A1B7552993524400892872 /* Release */,
			);
			defaultConfigurationIsVisible = 0;
			defaultConfigurationName = Release;
		};
		C5A1B7562993524400892872 /* Build configuration list for PBXNativeTarget "testUITests" */ = {
			isa = XCConfigurationList;
			buildConfigurations = (
				C5A1B7572993524400892872 /* Debug */,
				C5A1B7582993524400892872 /* Release */,
			);
			defaultConfigurationIsVisible = 0;
			defaultConfigurationName = Release;
		};
/* End XCConfigurationList section */

/* Begin XCRemoteSwiftPackageReference section */
		C50865F6299A19C000AAF82B /* XCRemoteSwiftPackageReference "RxSwift" */ = {
			isa = XCRemoteSwiftPackageReference;
			repositoryURL = "https://github.com/ReactiveX/RxSwift";
			requirement = {
				branch = main;
				kind = branch;
			};
		};
/* End XCRemoteSwiftPackageReference section */

/* Begin XCSwiftPackageProductDependency section */
		C50865F7299A19C000AAF82B /* RxCocoa */ = {
			isa = XCSwiftPackageProductDependency;
			package = C50865F6299A19C000AAF82B /* XCRemoteSwiftPackageReference "RxSwift" */;
			productName = RxCocoa;
		};
		C50865F9299A19C000AAF82B /* RxSwift */ = {
			isa = XCSwiftPackageProductDependency;
			package = C50865F6299A19C000AAF82B /* XCRemoteSwiftPackageReference "RxSwift" */;
			productName = RxSwift;
		};
/* End XCSwiftPackageProductDependency section */
	};
	rootObject = C5A1B71E2993524300892872 /* Project object */;
}
