// !$*UTF8*$!
{
	archiveVersion = 1;
	classes = {
	};
	objectVersion = 55;
	objects = {

/* Begin PBXBuildFile section */
		8F937E4A865C4674B2A264DE /* Pods_Notice.framework in Frameworks */ = {isa = PBXBuildFile; fileRef = 8886EFE91AC5147494D2F623 /* Pods_Notice.framework */; };
		C5BB5FF928C06566006430F0 /* AppDelegate.swift in Sources */ = {isa = PBXBuildFile; fileRef = C5BB5FF828C06566006430F0 /* AppDelegate.swift */; };
		C5BB5FFB28C06566006430F0 /* SceneDelegate.swift in Sources */ = {isa = PBXBuildFile; fileRef = C5BB5FFA28C06566006430F0 /* SceneDelegate.swift */; };
		C5BB5FFD28C06566006430F0 /* ViewController.swift in Sources */ = {isa = PBXBuildFile; fileRef = C5BB5FFC28C06566006430F0 /* ViewController.swift */; };
		C5BB600028C06566006430F0 /* Main.storyboard in Resources */ = {isa = PBXBuildFile; fileRef = C5BB5FFE28C06566006430F0 /* Main.storyboard */; };
		C5BB600228C06567006430F0 /* Assets.xcassets in Resources */ = {isa = PBXBuildFile; fileRef = C5BB600128C06567006430F0 /* Assets.xcassets */; };
		C5BB600528C06567006430F0 /* LaunchScreen.storyboard in Resources */ = {isa = PBXBuildFile; fileRef = C5BB600328C06567006430F0 /* LaunchScreen.storyboard */; };
		C5BB600E28C065A6006430F0 /* NoticeViewController.swift in Sources */ = {isa = PBXBuildFile; fileRef = C5BB600C28C065A6006430F0 /* NoticeViewController.swift */; };
		C5BB600F28C065A6006430F0 /* NoticeViewController.xib in Resources */ = {isa = PBXBuildFile; fileRef = C5BB600D28C065A6006430F0 /* NoticeViewController.xib */; };
		C5BB601128C069EB006430F0 /* GoogleService-Info.plist in Resources */ = {isa = PBXBuildFile; fileRef = C5BB601028C069EB006430F0 /* GoogleService-Info.plist */; };
		C5BB601328C06C4B006430F0 /* RemoteConfigDefaults.plist in Resources */ = {isa = PBXBuildFile; fileRef = C5BB601228C06C4B006430F0 /* RemoteConfigDefaults.plist */; };
/* End PBXBuildFile section */

/* Begin PBXFileReference section */
		8256069D1EA4E31ECF85A482 /* Pods-Notice.debug.xcconfig */ = {isa = PBXFileReference; includeInIndex = 1; lastKnownFileType = text.xcconfig; name = "Pods-Notice.debug.xcconfig"; path = "Target Support Files/Pods-Notice/Pods-Notice.debug.xcconfig"; sourceTree = "<group>"; };
		8886EFE91AC5147494D2F623 /* Pods_Notice.framework */ = {isa = PBXFileReference; explicitFileType = wrapper.framework; includeInIndex = 0; path = Pods_Notice.framework; sourceTree = BUILT_PRODUCTS_DIR; };
		8D56FA0E53208D9DF2A25154 /* Pods-Notice.release.xcconfig */ = {isa = PBXFileReference; includeInIndex = 1; lastKnownFileType = text.xcconfig; name = "Pods-Notice.release.xcconfig"; path = "Target Support Files/Pods-Notice/Pods-Notice.release.xcconfig"; sourceTree = "<group>"; };
		C5BB5FF528C06566006430F0 /* Notice.app */ = {isa = PBXFileReference; explicitFileType = wrapper.application; includeInIndex = 0; path = Notice.app; sourceTree = BUILT_PRODUCTS_DIR; };
		C5BB5FF828C06566006430F0 /* AppDelegate.swift */ = {isa = PBXFileReference; lastKnownFileType = sourcecode.swift; path = AppDelegate.swift; sourceTree = "<group>"; };
		C5BB5FFA28C06566006430F0 /* SceneDelegate.swift */ = {isa = PBXFileReference; lastKnownFileType = sourcecode.swift; path = SceneDelegate.swift; sourceTree = "<group>"; };
		C5BB5FFC28C06566006430F0 /* ViewController.swift */ = {isa = PBXFileReference; lastKnownFileType = sourcecode.swift; path = ViewController.swift; sourceTree = "<group>"; };
		C5BB5FFF28C06566006430F0 /* Base */ = {isa = PBXFileReference; lastKnownFileType = file.storyboard; name = Base; path = Base.lproj/Main.storyboard; sourceTree = "<group>"; };
		C5BB600128C06567006430F0 /* Assets.xcassets */ = {isa = PBXFileReference; lastKnownFileType = folder.assetcatalog; path = Assets.xcassets; sourceTree = "<group>"; };
		C5BB600428C06567006430F0 /* Base */ = {isa = PBXFileReference; lastKnownFileType = file.storyboard; name = Base; path = Base.lproj/LaunchScreen.storyboard; sourceTree = "<group>"; };
		C5BB600628C06567006430F0 /* Info.plist */ = {isa = PBXFileReference; lastKnownFileType = text.plist.xml; path = Info.plist; sourceTree = "<group>"; };
		C5BB600C28C065A6006430F0 /* NoticeViewController.swift */ = {isa = PBXFileReference; lastKnownFileType = sourcecode.swift; path = NoticeViewController.swift; sourceTree = "<group>"; };
		C5BB600D28C065A6006430F0 /* NoticeViewController.xib */ = {isa = PBXFileReference; lastKnownFileType = file.xib; path = NoticeViewController.xib; sourceTree = "<group>"; };
		C5BB601028C069EB006430F0 /* GoogleService-Info.plist */ = {isa = PBXFileReference; fileEncoding = 4; lastKnownFileType = text.plist.xml; path = "GoogleService-Info.plist"; sourceTree = "<group>"; };
		C5BB601228C06C4B006430F0 /* RemoteConfigDefaults.plist */ = {isa = PBXFileReference; lastKnownFileType = text.plist.xml; path = RemoteConfigDefaults.plist; sourceTree = "<group>"; };
/* End PBXFileReference section */

/* Begin PBXFrameworksBuildPhase section */
		C5BB5FF228C06566006430F0 /* Frameworks */ = {
			isa = PBXFrameworksBuildPhase;
			buildActionMask = 2147483647;
			files = (
				8F937E4A865C4674B2A264DE /* Pods_Notice.framework in Frameworks */,
			);
			runOnlyForDeploymentPostprocessing = 0;
		};
/* End PBXFrameworksBuildPhase section */

/* Begin PBXGroup section */
		C5BB5FEC28C06566006430F0 = {
			isa = PBXGroup;
			children = (
				C5BB5FF728C06566006430F0 /* Notice */,
				C5BB5FF628C06566006430F0 /* Products */,
				FD779F5FBDF0C2D046176A2E /* Pods */,
				F6837F050A4EA06B2C120B4E /* Frameworks */,
			);
			sourceTree = "<group>";
		};
		C5BB5FF628C06566006430F0 /* Products */ = {
			isa = PBXGroup;
			children = (
				C5BB5FF528C06566006430F0 /* Notice.app */,
			);
			name = Products;
			sourceTree = "<group>";
		};
		C5BB5FF728C06566006430F0 /* Notice */ = {
			isa = PBXGroup;
			children = (
				C5BB5FF828C06566006430F0 /* AppDelegate.swift */,
				C5BB5FFA28C06566006430F0 /* SceneDelegate.swift */,
				C5BB5FFC28C06566006430F0 /* ViewController.swift */,
				C5BB601228C06C4B006430F0 /* RemoteConfigDefaults.plist */,
				C5BB5FFE28C06566006430F0 /* Main.storyboard */,
				C5BB600C28C065A6006430F0 /* NoticeViewController.swift */,
				C5BB600D28C065A6006430F0 /* NoticeViewController.xib */,
				C5BB600128C06567006430F0 /* Assets.xcassets */,
				C5BB600328C06567006430F0 /* LaunchScreen.storyboard */,
				C5BB600628C06567006430F0 /* Info.plist */,
				C5BB601028C069EB006430F0 /* GoogleService-Info.plist */,
			);
			path = Notice;
			sourceTree = "<group>";
		};
		F6837F050A4EA06B2C120B4E /* Frameworks */ = {
			isa = PBXGroup;
			children = (
				8886EFE91AC5147494D2F623 /* Pods_Notice.framework */,
			);
			name = Frameworks;
			sourceTree = "<group>";
		};
		FD779F5FBDF0C2D046176A2E /* Pods */ = {
			isa = PBXGroup;
			children = (
				8256069D1EA4E31ECF85A482 /* Pods-Notice.debug.xcconfig */,
				8D56FA0E53208D9DF2A25154 /* Pods-Notice.release.xcconfig */,
			);
			path = Pods;
			sourceTree = "<group>";
		};
/* End PBXGroup section */

/* Begin PBXNativeTarget section */
		C5BB5FF428C06566006430F0 /* Notice */ = {
			isa = PBXNativeTarget;
			buildConfigurationList = C5BB600928C06567006430F0 /* Build configuration list for PBXNativeTarget "Notice" */;
			buildPhases = (
				FA9B31DC50F1F22D2E66AAEA /* [CP] Check Pods Manifest.lock */,
				C5BB5FF128C06566006430F0 /* Sources */,
				C5BB5FF228C06566006430F0 /* Frameworks */,
				C5BB5FF328C06566006430F0 /* Resources */,
				7DAAFA1CDFC374B6C0AD77FE /* [CP] Embed Pods Frameworks */,
			);
			buildRules = (
			);
			dependencies = (
			);
			name = Notice;
			productName = Notice;
			productReference = C5BB5FF528C06566006430F0 /* Notice.app */;
			productType = "com.apple.product-type.application";
		};
/* End PBXNativeTarget section */

/* Begin PBXProject section */
		C5BB5FED28C06566006430F0 /* Project object */ = {
			isa = PBXProject;
			attributes = {
				BuildIndependentTargetsInParallel = 1;
				LastSwiftUpdateCheck = 1340;
				LastUpgradeCheck = 1340;
				TargetAttributes = {
					C5BB5FF428C06566006430F0 = {
						CreatedOnToolsVersion = 13.4.1;
					};
				};
			};
			buildConfigurationList = C5BB5FF028C06566006430F0 /* Build configuration list for PBXProject "Notice" */;
			compatibilityVersion = "Xcode 13.0";
			developmentRegion = en;
			hasScannedForEncodings = 0;
			knownRegions = (
				en,
				Base,
			);
			mainGroup = C5BB5FEC28C06566006430F0;
			productRefGroup = C5BB5FF628C06566006430F0 /* Products */;
			projectDirPath = "";
			projectRoot = "";
			targets = (
				C5BB5FF428C06566006430F0 /* Notice */,
			);
		};
/* End PBXProject section */

/* Begin PBXResourcesBuildPhase section */
		C5BB5FF328C06566006430F0 /* Resources */ = {
			isa = PBXResourcesBuildPhase;
			buildActionMask = 2147483647;
			files = (
				C5BB601328C06C4B006430F0 /* RemoteConfigDefaults.plist in Resources */,
				C5BB600528C06567006430F0 /* LaunchScreen.storyboard in Resources */,
				C5BB600228C06567006430F0 /* Assets.xcassets in Resources */,
				C5BB601128C069EB006430F0 /* GoogleService-Info.plist in Resources */,
				C5BB600F28C065A6006430F0 /* NoticeViewController.xib in Resources */,
				C5BB600028C06566006430F0 /* Main.storyboard in Resources */,
			);
			runOnlyForDeploymentPostprocessing = 0;
		};
/* End PBXResourcesBuildPhase section */

/* Begin PBXShellScriptBuildPhase section */
		7DAAFA1CDFC374B6C0AD77FE /* [CP] Embed Pods Frameworks */ = {
			isa = PBXShellScriptBuildPhase;
			buildActionMask = 2147483647;
			files = (
			);
			inputFileListPaths = (
				"${PODS_ROOT}/Target Support Files/Pods-Notice/Pods-Notice-frameworks-${CONFIGURATION}-input-files.xcfilelist",
			);
			name = "[CP] Embed Pods Frameworks";
			outputFileListPaths = (
				"${PODS_ROOT}/Target Support Files/Pods-Notice/Pods-Notice-frameworks-${CONFIGURATION}-output-files.xcfilelist",
			);
			runOnlyForDeploymentPostprocessing = 0;
			shellPath = /bin/sh;
			shellScript = "\"${PODS_ROOT}/Target Support Files/Pods-Notice/Pods-Notice-frameworks.sh\"\n";
			showEnvVarsInLog = 0;
		};
		FA9B31DC50F1F22D2E66AAEA /* [CP] Check Pods Manifest.lock */ = {
			isa = PBXShellScriptBuildPhase;
			buildActionMask = 2147483647;
			files = (
			);
			inputFileListPaths = (
			);
			inputPaths = (
				"${PODS_PODFILE_DIR_PATH}/Podfile.lock",
				"${PODS_ROOT}/Manifest.lock",
			);
			name = "[CP] Check Pods Manifest.lock";
			outputFileListPaths = (
			);
			outputPaths = (
				"$(DERIVED_FILE_DIR)/Pods-Notice-checkManifestLockResult.txt",
			);
			runOnlyForDeploymentPostprocessing = 0;
			shellPath = /bin/sh;
			shellScript = "diff \"${PODS_PODFILE_DIR_PATH}/Podfile.lock\" \"${PODS_ROOT}/Manifest.lock\" > /dev/null\nif [ $? != 0 ] ; then\n    # print error to STDERR\n    echo \"error: The sandbox is not in sync with the Podfile.lock. Run 'pod install' or update your CocoaPods installation.\" >&2\n    exit 1\nfi\n# This output is used by Xcode 'outputs' to avoid re-running this script phase.\necho \"SUCCESS\" > \"${SCRIPT_OUTPUT_FILE_0}\"\n";
			showEnvVarsInLog = 0;
		};
/* End PBXShellScriptBuildPhase section */

/* Begin PBXSourcesBuildPhase section */
		C5BB5FF128C06566006430F0 /* Sources */ = {
			isa = PBXSourcesBuildPhase;
			buildActionMask = 2147483647;
			files = (
				C5BB5FFD28C06566006430F0 /* ViewController.swift in Sources */,
				C5BB5FF928C06566006430F0 /* AppDelegate.swift in Sources */,
				C5BB600E28C065A6006430F0 /* NoticeViewController.swift in Sources */,
				C5BB5FFB28C06566006430F0 /* SceneDelegate.swift in Sources */,
			);
			runOnlyForDeploymentPostprocessing = 0;
		};
/* End PBXSourcesBuildPhase section */

/* Begin PBXVariantGroup section */
		C5BB5FFE28C06566006430F0 /* Main.storyboard */ = {
			isa = PBXVariantGroup;
			children = (
				C5BB5FFF28C06566006430F0 /* Base */,
			);
			name = Main.storyboard;
			sourceTree = "<group>";
		};
		C5BB600328C06567006430F0 /* LaunchScreen.storyboard */ = {
			isa = PBXVariantGroup;
			children = (
				C5BB600428C06567006430F0 /* Base */,
			);
			name = LaunchScreen.storyboard;
			sourceTree = "<group>";
		};
/* End PBXVariantGroup section */

/* Begin XCBuildConfiguration section */
		C5BB600728C06567006430F0 /* Debug */ = {
			isa = XCBuildConfiguration;
			buildSettings = {
				ALWAYS_SEARCH_USER_PATHS = NO;
				CLANG_ANALYZER_NONNULL = YES;
				CLANG_ANALYZER_NUMBER_OBJECT_CONVERSION = YES_AGGRESSIVE;
				CLANG_CXX_LANGUAGE_STANDARD = "gnu++17";
				CLANG_ENABLE_MODULES = YES;
				CLANG_ENABLE_OBJC_ARC = YES;
				CLANG_ENABLE_OBJC_WEAK = YES;
				CLANG_WARN_BLOCK_CAPTURE_AUTORELEASING = YES;
				CLANG_WARN_BOOL_CONVERSION = YES;
				CLANG_WARN_COMMA = YES;
				CLANG_WARN_CONSTANT_CONVERSION = YES;
				CLANG_WARN_DEPRECATED_OBJC_IMPLEMENTATIONS = YES;
				CLANG_WARN_DIRECT_OBJC_ISA_USAGE = YES_ERROR;
				CLANG_WARN_DOCUMENTATION_COMMENTS = YES;
				CLANG_WARN_EMPTY_BODY = YES;
				CLANG_WARN_ENUM_CONVERSION = YES;
				CLANG_WARN_INFINITE_RECURSION = YES;
				CLANG_WARN_INT_CONVERSION = YES;
				CLANG_WARN_NON_LITERAL_NULL_CONVERSION = YES;
				CLANG_WARN_OBJC_IMPLICIT_RETAIN_SELF = YES;
				CLANG_WARN_OBJC_LITERAL_CONVERSION = YES;
				CLANG_WARN_OBJC_ROOT_CLASS = YES_ERROR;
				CLANG_WARN_QUOTED_INCLUDE_IN_FRAMEWORK_HEADER = YES;
				CLANG_WARN_RANGE_LOOP_ANALYSIS = YES;
				CLANG_WARN_STRICT_PROTOTYPES = YES;
				CLANG_WARN_SUSPICIOUS_MOVE = YES;
				CLANG_WARN_UNGUARDED_AVAILABILITY = YES_AGGRESSIVE;
				CLANG_WARN_UNREACHABLE_CODE = YES;
				CLANG_WARN__DUPLICATE_METHOD_MATCH = YES;
				COPY_PHASE_STRIP = NO;
				DEBUG_INFORMATION_FORMAT = dwarf;
				ENABLE_STRICT_OBJC_MSGSEND = YES;
				ENABLE_TESTABILITY = YES;
				GCC_C_LANGUAGE_STANDARD = gnu11;
				GCC_DYNAMIC_NO_PIC = NO;
				GCC_NO_COMMON_BLOCKS = YES;
				GCC_OPTIMIZATION_LEVEL = 0;
				GCC_PREPROCESSOR_DEFINITIONS = (
					"DEBUG=1",
					"$(inherited)",
				);
				GCC_WARN_64_TO_32_BIT_CONVERSION = YES;
				GCC_WARN_ABOUT_RETURN_TYPE = YES_ERROR;
				GCC_WARN_UNDECLARED_SELECTOR = YES;
				GCC_WARN_UNINITIALIZED_AUTOS = YES_AGGRESSIVE;
				GCC_WARN_UNUSED_FUNCTION = YES;
				GCC_WARN_UNUSED_VARIABLE = YES;
				IPHONEOS_DEPLOYMENT_TARGET = 15.5;
				MTL_ENABLE_DEBUG_INFO = INCLUDE_SOURCE;
				MTL_FAST_MATH = YES;
				ONLY_ACTIVE_ARCH = YES;
				SDKROOT = iphoneos;
				SWIFT_ACTIVE_COMPILATION_CONDITIONS = DEBUG;
				SWIFT_OPTIMIZATION_LEVEL = "-Onone";
			};
			name = Debug;
		};
		C5BB600828C06567006430F0 /* Release */ = {
			isa = XCBuildConfiguration;
			buildSettings = {
				ALWAYS_SEARCH_USER_PATHS = NO;
				CLANG_ANALYZER_NONNULL = YES;
				CLANG_ANALYZER_NUMBER_OBJECT_CONVERSION = YES_AGGRESSIVE;
				CLANG_CXX_LANGUAGE_STANDARD = "gnu++17";
				CLANG_ENABLE_MODULES = YES;
				CLANG_ENABLE_OBJC_ARC = YES;
				CLANG_ENABLE_OBJC_WEAK = YES;
				CLANG_WARN_BLOCK_CAPTURE_AUTORELEASING = YES;
				CLANG_WARN_BOOL_CONVERSION = YES;
				CLANG_WARN_COMMA = YES;
				CLANG_WARN_CONSTANT_CONVERSION = YES;
				CLANG_WARN_DEPRECATED_OBJC_IMPLEMENTATIONS = YES;
				CLANG_WARN_DIRECT_OBJC_ISA_USAGE = YES_ERROR;
				CLANG_WARN_DOCUMENTATION_COMMENTS = YES;
				CLANG_WARN_EMPTY_BODY = YES;
				CLANG_WARN_ENUM_CONVERSION = YES;
				CLANG_WARN_INFINITE_RECURSION = YES;
				CLANG_WARN_INT_CONVERSION = YES;
				CLANG_WARN_NON_LITERAL_NULL_CONVERSION = YES;
				CLANG_WARN_OBJC_IMPLICIT_RETAIN_SELF = YES;
				CLANG_WARN_OBJC_LITERAL_CONVERSION = YES;
				CLANG_WARN_OBJC_ROOT_CLASS = YES_ERROR;
				CLANG_WARN_QUOTED_INCLUDE_IN_FRAMEWORK_HEADER = YES;
				CLANG_WARN_RANGE_LOOP_ANALYSIS = YES;
				CLANG_WARN_STRICT_PROTOTYPES = YES;
				CLANG_WARN_SUSPICIOUS_MOVE = YES;
				CLANG_WARN_UNGUARDED_AVAILABILITY = YES_AGGRESSIVE;
				CLANG_WARN_UNREACHABLE_CODE = YES;
				CLANG_WARN__DUPLICATE_METHOD_MATCH = YES;
				COPY_PHASE_STRIP = NO;
				DEBUG_INFORMATION_FORMAT = "dwarf-with-dsym";
				ENABLE_NS_ASSERTIONS = NO;
				ENABLE_STRICT_OBJC_MSGSEND = YES;
				GCC_C_LANGUAGE_STANDARD = gnu11;
				GCC_NO_COMMON_BLOCKS = YES;
				GCC_WARN_64_TO_32_BIT_CONVERSION = YES;
				GCC_WARN_ABOUT_RETURN_TYPE = YES_ERROR;
				GCC_WARN_UNDECLARED_SELECTOR = YES;
				GCC_WARN_UNINITIALIZED_AUTOS = YES_AGGRESSIVE;
				GCC_WARN_UNUSED_FUNCTION = YES;
				GCC_WARN_UNUSED_VARIABLE = YES;
				IPHONEOS_DEPLOYMENT_TARGET = 15.5;
				MTL_ENABLE_DEBUG_INFO = NO;
				MTL_FAST_MATH = YES;
				SDKROOT = iphoneos;
				SWIFT_COMPILATION_MODE = wholemodule;
				SWIFT_OPTIMIZATION_LEVEL = "-O";
				VALIDATE_PRODUCT = YES;
			};
			name = Release;
		};
		C5BB600A28C06567006430F0 /* Debug */ = {
			isa = XCBuildConfiguration;
			baseConfigurationReference = 8256069D1EA4E31ECF85A482 /* Pods-Notice.debug.xcconfig */;
			buildSettings = {
				ASSETCATALOG_COMPILER_APPICON_NAME = AppIcon;
				ASSETCATALOG_COMPILER_GLOBAL_ACCENT_COLOR_NAME = AccentColor;
				CODE_SIGN_STYLE = Automatic;
				CURRENT_PROJECT_VERSION = 1;
				DEVELOPMENT_TEAM = C4K2HXA435;
				GENERATE_INFOPLIST_FILE = YES;
				INFOPLIST_FILE = Notice/Info.plist;
				INFOPLIST_KEY_UIApplicationSupportsIndirectInputEvents = YES;
				INFOPLIST_KEY_UILaunchStoryboardName = LaunchScreen;
				INFOPLIST_KEY_UIMainStoryboardFile = Main;
				INFOPLIST_KEY_UISupportedInterfaceOrientations = UIInterfaceOrientationPortrait;
				INFOPLIST_KEY_UISupportedInterfaceOrientations_iPad = "UIInterfaceOrientationPortrait UIInterfaceOrientationPortraitUpsideDown UIInterfaceOrientationLandscapeLeft UIInterfaceOrientationLandscapeRight";
				INFOPLIST_KEY_UISupportedInterfaceOrientations_iPhone = "UIInterfaceOrientationPortrait UIInterfaceOrientationLandscapeLeft UIInterfaceOrientationLandscapeRight";
				LD_RUNPATH_SEARCH_PATHS = (
					"$(inherited)",
					"@executable_path/Frameworks",
				);
				MARKETING_VERSION = 1.0;
				PRODUCT_BUNDLE_IDENTIFIER = com.OwnCompany.Notice;
				PRODUCT_NAME = "$(TARGET_NAME)";
				SWIFT_EMIT_LOC_STRINGS = YES;
				SWIFT_VERSION = 5.0;
				TARGETED_DEVICE_FAMILY = 1;
			};
			name = Debug;
		};
		C5BB600B28C06567006430F0 /* Release */ = {
			isa = XCBuildConfiguration;
			baseConfigurationReference = 8D56FA0E53208D9DF2A25154 /* Pods-Notice.release.xcconfig */;
			buildSettings = {
				ASSETCATALOG_COMPILER_APPICON_NAME = AppIcon;
				ASSETCATALOG_COMPILER_GLOBAL_ACCENT_COLOR_NAME = AccentColor;
				CODE_SIGN_STYLE = Automatic;
				CURRENT_PROJECT_VERSION = 1;
				DEVELOPMENT_TEAM = C4K2HXA435;
				GENERATE_INFOPLIST_FILE = YES;
				INFOPLIST_FILE = Notice/Info.plist;
				INFOPLIST_KEY_UIApplicationSupportsIndirectInputEvents = YES;
				INFOPLIST_KEY_UILaunchStoryboardName = LaunchScreen;
				INFOPLIST_KEY_UIMainStoryboardFile = Main;
				INFOPLIST_KEY_UISupportedInterfaceOrientations = UIInterfaceOrientationPortrait;
				INFOPLIST_KEY_UISupportedInterfaceOrientations_iPad = "UIInterfaceOrientationPortrait UIInterfaceOrientationPortraitUpsideDown UIInterfaceOrientationLandscapeLeft UIInterfaceOrientationLandscapeRight";
				INFOPLIST_KEY_UISupportedInterfaceOrientations_iPhone = "UIInterfaceOrientationPortrait UIInterfaceOrientationLandscapeLeft UIInterfaceOrientationLandscapeRight";
				LD_RUNPATH_SEARCH_PATHS = (
					"$(inherited)",
					"@executable_path/Frameworks",
				);
				MARKETING_VERSION = 1.0;
				PRODUCT_BUNDLE_IDENTIFIER = com.OwnCompany.Notice;
				PRODUCT_NAME = "$(TARGET_NAME)";
				SWIFT_EMIT_LOC_STRINGS = YES;
				SWIFT_VERSION = 5.0;
				TARGETED_DEVICE_FAMILY = 1;
			};
			name = Release;
		};
/* End XCBuildConfiguration section */

/* Begin XCConfigurationList section */
		C5BB5FF028C06566006430F0 /* Build configuration list for PBXProject "Notice" */ = {
			isa = XCConfigurationList;
			buildConfigurations = (
				C5BB600728C06567006430F0 /* Debug */,
				C5BB600828C06567006430F0 /* Release */,
			);
			defaultConfigurationIsVisible = 0;
			defaultConfigurationName = Release;
		};
		C5BB600928C06567006430F0 /* Build configuration list for PBXNativeTarget "Notice" */ = {
			isa = XCConfigurationList;
			buildConfigurations = (
				C5BB600A28C06567006430F0 /* Debug */,
				C5BB600B28C06567006430F0 /* Release */,
			);
			defaultConfigurationIsVisible = 0;
			defaultConfigurationName = Release;
		};
/* End XCConfigurationList section */
	};
	rootObject = C5BB5FED28C06566006430F0 /* Project object */;
}
